// !$*UTF8*$!
{
	archiveVersion = 1;
	classes = {
	};
	objectVersion = 56;
	objects = {

/* Begin PBXBuildFile section */
		300893B72A93F97600176899 /* Material.swift in Sources */ = {isa = PBXBuildFile; fileRef = 300893B62A93F97600176899 /* Material.swift */; };
		300893BA2A93FA8500176899 /* Diffuse.swift in Sources */ = {isa = PBXBuildFile; fileRef = 300893B92A93FA8500176899 /* Diffuse.swift */; };
		300893BC2A93FB1A00176899 /* Sampler.swift in Sources */ = {isa = PBXBuildFile; fileRef = 300893BB2A93FB1A00176899 /* Sampler.swift */; };
		300893BF2A93FB5A00176899 /* Warp.swift in Sources */ = {isa = PBXBuildFile; fileRef = 300893BE2A93FB5A00176899 /* Warp.swift */; };
		30172EB32B9BA0F700833A4F /* Bidir.swift in Sources */ = {isa = PBXBuildFile; fileRef = 30172EB22B9BA0F700833A4F /* Bidir.swift */; };
		301B375A2ADDD25D003EE9FC /* PathTracingView.swift in Sources */ = {isa = PBXBuildFile; fileRef = 301B37592ADDD25D003EE9FC /* PathTracingView.swift */; };
		301B375C2ADDD436003EE9FC /* PathMats.swift in Sources */ = {isa = PBXBuildFile; fileRef = 301B375B2ADDD436003EE9FC /* PathMats.swift */; };
		301B375E2ADDD5B2003EE9FC /* PathMats.metal in Sources */ = {isa = PBXBuildFile; fileRef = 301B375D2ADDD5B2003EE9FC /* PathMats.metal */; };
		302D6BC12A687406006D62A7 /* Ray.metal in Sources */ = {isa = PBXBuildFile; fileRef = 302D6BC02A687406006D62A7 /* Ray.metal */; };
		302D6BC42A6875AB006D62A7 /* Geometry.metal in Sources */ = {isa = PBXBuildFile; fileRef = 302D6BC32A6875AB006D62A7 /* Geometry.metal */; };
		302D6BC62A6884AC006D62A7 /* Camera.swift in Sources */ = {isa = PBXBuildFile; fileRef = 302D6BC52A6884AC006D62A7 /* Camera.swift */; };
		30336BD32BACCFF50010B395 /* LiveHybridMLT.swift in Sources */ = {isa = PBXBuildFile; fileRef = 30336BD22BACCFF50010B395 /* LiveHybridMLT.swift */; };
		303547A12B7D16A4002E6C6B /* ShaderCompiler.swift in Sources */ = {isa = PBXBuildFile; fileRef = 303547A02B7D16A4002E6C6B /* ShaderCompiler.swift */; };
		303547A32B7D16E3002E6C6B /* Struct.swift in Sources */ = {isa = PBXBuildFile; fileRef = 303547A22B7D16E3002E6C6B /* Struct.swift */; };
		303547A72B7D195F002E6C6B /* Grapher.swift in Sources */ = {isa = PBXBuildFile; fileRef = 303547A62B7D195F002E6C6B /* Grapher.swift */; };
		30370E772AE0B3CC00C56C8F /* Frame.swift in Sources */ = {isa = PBXBuildFile; fileRef = 30370E762AE0B3CC00C56C8F /* Frame.swift */; };
		30370E7A2AE0C1E200C56C8F /* TestIntersections.swift in Sources */ = {isa = PBXBuildFile; fileRef = 30370E792AE0C1E200C56C8F /* TestIntersections.swift */; };
		30370E7C2AE0C1F000C56C8F /* TestIntersections.metal in Sources */ = {isa = PBXBuildFile; fileRef = 30370E7B2AE0C1F000C56C8F /* TestIntersections.metal */; };
		30370E7F2AE0D13100C56C8F /* BoxScene.swift in Sources */ = {isa = PBXBuildFile; fileRef = 30370E7E2AE0D13100C56C8F /* BoxScene.swift */; };
		3037367A2B418716003214A0 /* MetalBridge in Frameworks */ = {isa = PBXBuildFile; productRef = 303736792B418716003214A0 /* MetalBridge */; };
		303960242B86DBC8003543FA /* PMis.swift in Sources */ = {isa = PBXBuildFile; fileRef = 303960232B86DBC8003543FA /* PMis.swift */; };
		303960262B86DC19003543FA /* PMis.metal in Sources */ = {isa = PBXBuildFile; fileRef = 303960252B86DC19003543FA /* PMis.metal */; };
		3045ED3A2BAFA052005FE34D /* Accel.metal in Sources */ = {isa = PBXBuildFile; fileRef = 3045ED392BAFA052005FE34D /* Accel.metal */; };
		3045ED3C2BAFAFFA005FE34D /* LiveBidir.swift in Sources */ = {isa = PBXBuildFile; fileRef = 3045ED3B2BAFAFFA005FE34D /* LiveBidir.swift */; };
		3045ED3E2BAFD541005FE34D /* PhotoEncoder.swift in Sources */ = {isa = PBXBuildFile; fileRef = 3045ED3D2BAFD541005FE34D /* PhotoEncoder.swift */; };
		3045ED402BAFD782005FE34D /* VisualizeNormals.swift in Sources */ = {isa = PBXBuildFile; fileRef = 3045ED3F2BAFD782005FE34D /* VisualizeNormals.swift */; };
		3045ED422BAFD78C005FE34D /* VisualizeNormals.metal in Sources */ = {isa = PBXBuildFile; fileRef = 3045ED412BAFD78C005FE34D /* VisualizeNormals.metal */; };
		304892632ADF713100938177 /* ThreadManager.swift in Sources */ = {isa = PBXBuildFile; fileRef = 304892622ADF713100938177 /* ThreadManager.swift */; };
		305807272ACC65220079B6F4 /* Integrator.swift in Sources */ = {isa = PBXBuildFile; fileRef = 305807262ACC65220079B6F4 /* Integrator.swift */; };
		3058072D2ACC65B10079B6F4 /* Ray.c in Sources */ = {isa = PBXBuildFile; fileRef = 3058072C2ACC65B10079B6F4 /* Ray.c */; };
		3058072F2ACC65BF0079B6F4 /* Intersection.c in Sources */ = {isa = PBXBuildFile; fileRef = 3058072E2ACC65BF0079B6F4 /* Intersection.c */; };
		305807332ACC67F80079B6F4 /* RendererManager.swift in Sources */ = {isa = PBXBuildFile; fileRef = 305807322ACC67F80079B6F4 /* RendererManager.swift */; };
		305807352ACC684D0079B6F4 /* EncodableConformances.swift in Sources */ = {isa = PBXBuildFile; fileRef = 305807342ACC684D0079B6F4 /* EncodableConformances.swift */; };
		305807372ACC72ED0079B6F4 /* VideoScene.swift in Sources */ = {isa = PBXBuildFile; fileRef = 305807362ACC72ED0079B6F4 /* VideoScene.swift */; };
		30600D982BA90DAC00F111A7 /* HybridBidir.metal in Sources */ = {isa = PBXBuildFile; fileRef = 30600D972BA90DAC00F111A7 /* HybridBidir.metal */; };
		30600D9E2BAA49C100F111A7 /* HybridMLT.swift in Sources */ = {isa = PBXBuildFile; fileRef = 30600D9D2BAA49C100F111A7 /* HybridMLT.swift */; };
		30600DA12BAA50CB00F111A7 /* Material.c in Sources */ = {isa = PBXBuildFile; fileRef = 30600DA02BAA50CB00F111A7 /* Material.c */; };
		306474CB2B7C2180002E3DFA /* PathMatsSingle.swift in Sources */ = {isa = PBXBuildFile; fileRef = 306474CA2B7C2180002E3DFA /* PathMatsSingle.swift */; };
		306474CD2B7C21A9002E3DFA /* PathMatsSingle.metal in Sources */ = {isa = PBXBuildFile; fileRef = 306474CC2B7C21A9002E3DFA /* PathMatsSingle.metal */; };
		306912152B51627600D1EA58 /* Tracing.c in Sources */ = {isa = PBXBuildFile; fileRef = 306912142B51627600D1EA58 /* Tracing.c */; };
		306912172B5162C900D1EA58 /* Tracing.metal in Sources */ = {isa = PBXBuildFile; fileRef = 306912162B5162C900D1EA58 /* Tracing.metal */; };
		3069121A2B516E9B00D1EA58 /* DirectEms.swift in Sources */ = {isa = PBXBuildFile; fileRef = 306912192B516E9B00D1EA58 /* DirectEms.swift */; };
		3069121C2B5289A900D1EA58 /* DirectEms.metal in Sources */ = {isa = PBXBuildFile; fileRef = 3069121B2B5289A900D1EA58 /* DirectEms.metal */; };
		306912202B533A3200D1EA58 /* LightingSampler.swift in Sources */ = {isa = PBXBuildFile; fileRef = 3069121F2B533A3200D1EA58 /* LightingSampler.swift */; };
		306E147E2B5D9CEF002F6063 /* Bidirectional.swift in Sources */ = {isa = PBXBuildFile; fileRef = 306E147D2B5D9CEF002F6063 /* Bidirectional.swift */; };
		306E14802B5D9D82002F6063 /* Bidirectional.metal in Sources */ = {isa = PBXBuildFile; fileRef = 306E147F2B5D9D82002F6063 /* Bidirectional.metal */; };
		30705D332B4FC9E500F1604B /* Lighting.metal in Sources */ = {isa = PBXBuildFile; fileRef = 30705D322B4FC9E500F1604B /* Lighting.metal */; };
		30861B472B8BDC7B0070831F /* PMats.swift in Sources */ = {isa = PBXBuildFile; fileRef = 30861B462B8BDC7B0070831F /* PMats.swift */; };
		30861B492B8BDC860070831F /* PMats.metal in Sources */ = {isa = PBXBuildFile; fileRef = 30861B482B8BDC860070831F /* PMats.metal */; };
		30861B4B2B8BE4530070831F /* PEms.swift in Sources */ = {isa = PBXBuildFile; fileRef = 30861B4A2B8BE4530070831F /* PEms.swift */; };
		30861B4D2B8BE4600070831F /* PEms.metal in Sources */ = {isa = PBXBuildFile; fileRef = 30861B4C2B8BE4600070831F /* PEms.metal */; };
		308BEEDF2B7D2CFF003952ED /* Parsing.swift in Sources */ = {isa = PBXBuildFile; fileRef = 308BEEDE2B7D2CFF003952ED /* Parsing.swift */; };
		308BEEE12B7D3024003952ED /* Grapher.metal in Sources */ = {isa = PBXBuildFile; fileRef = 308BEEE02B7D3024003952ED /* Grapher.metal */; };
		309201C82B54B72C0099D34F /* PathMis.swift in Sources */ = {isa = PBXBuildFile; fileRef = 309201C72B54B72C0099D34F /* PathMis.swift */; };
		309201CA2B54B80E0099D34F /* PathMis.metal in Sources */ = {isa = PBXBuildFile; fileRef = 309201C92B54B80E0099D34F /* PathMis.metal */; };
		3096F0D12B4428E100BECC2D /* RawBufferTest.swift in Sources */ = {isa = PBXBuildFile; fileRef = 3096F0D02B4428E100BECC2D /* RawBufferTest.swift */; };
		3096F0D32B442CA200BECC2D /* RawBufferTest.metal in Sources */ = {isa = PBXBuildFile; fileRef = 3096F0D22B442CA200BECC2D /* RawBufferTest.metal */; };
		3096F0D52B4480D200BECC2D /* VoidBufferWrapper.swift in Sources */ = {isa = PBXBuildFile; fileRef = 3096F0D42B4480D200BECC2D /* VoidBufferWrapper.swift */; };
		309C233A2A52253100BA7B73 /* MetalHavenApp.swift in Sources */ = {isa = PBXBuildFile; fileRef = 309C23392A52253100BA7B73 /* MetalHavenApp.swift */; };
		309C233C2A52253100BA7B73 /* ContentView.swift in Sources */ = {isa = PBXBuildFile; fileRef = 309C233B2A52253100BA7B73 /* ContentView.swift */; };
		309C233E2A52253200BA7B73 /* Assets.xcassets in Resources */ = {isa = PBXBuildFile; fileRef = 309C233D2A52253200BA7B73 /* Assets.xcassets */; };
		309C23412A52253200BA7B73 /* Preview Assets.xcassets in Resources */ = {isa = PBXBuildFile; fileRef = 309C23402A52253200BA7B73 /* Preview Assets.xcassets */; };
		309C234C2A52253300BA7B73 /* MetalHavenTests.swift in Sources */ = {isa = PBXBuildFile; fileRef = 309C234B2A52253300BA7B73 /* MetalHavenTests.swift */; };
		309C23562A52253300BA7B73 /* MetalHavenUITests.swift in Sources */ = {isa = PBXBuildFile; fileRef = 309C23552A52253300BA7B73 /* MetalHavenUITests.swift */; };
		309C23582A52253300BA7B73 /* MetalHavenUITestsLaunchTests.swift in Sources */ = {isa = PBXBuildFile; fileRef = 309C23572A52253300BA7B73 /* MetalHavenUITestsLaunchTests.swift */; };
		309C23662A52254100BA7B73 /* MetalAbstract in Frameworks */ = {isa = PBXBuildFile; productRef = 309C23652A52254100BA7B73 /* MetalAbstract */; };
		309C23692A52254D00BA7B73 /* Exposables in Frameworks */ = {isa = PBXBuildFile; productRef = 309C23682A52254D00BA7B73 /* Exposables */; };
		309C23792A52294B00BA7B73 /* GeometryScene.swift in Sources */ = {isa = PBXBuildFile; fileRef = 309C23782A52294B00BA7B73 /* GeometryScene.swift */; };
		309C237B2A5229FE00BA7B73 /* Geometry.swift in Sources */ = {isa = PBXBuildFile; fileRef = 309C237A2A5229FE00BA7B73 /* Geometry.swift */; };
		30A786FF2B41753F008D4EBF /* BasicTypes.swift in Sources */ = {isa = PBXBuildFile; fileRef = 30A786FE2B41753F008D4EBF /* BasicTypes.swift */; };
		30A787012B417575008D4EBF /* VectorTypes.swift in Sources */ = {isa = PBXBuildFile; fileRef = 30A787002B417575008D4EBF /* VectorTypes.swift */; };
		30A787032B41758A008D4EBF /* Binops.swift in Sources */ = {isa = PBXBuildFile; fileRef = 30A787022B41758A008D4EBF /* Binops.swift */; };
		30AC515D2BAB527000AA195D /* Metropolis.swift in Sources */ = {isa = PBXBuildFile; fileRef = 30AC515C2BAB527000AA195D /* Metropolis.swift */; };
		30AC515F2BAB63E100AA195D /* Metropolis.metal in Sources */ = {isa = PBXBuildFile; fileRef = 30AC515E2BAB63E100AA195D /* Metropolis.metal */; };
		30BC520B2BA243A60011D2E8 /* MPSIntersector.swift in Sources */ = {isa = PBXBuildFile; fileRef = 30BC520A2BA243A60011D2E8 /* MPSIntersector.swift */; };
		30BC520D2BA244060011D2E8 /* TriangleIntersection.metal in Sources */ = {isa = PBXBuildFile; fileRef = 30BC520C2BA244060011D2E8 /* TriangleIntersection.metal */; };
		30BC520F2BA2515F0011D2E8 /* Bidir.metal in Sources */ = {isa = PBXBuildFile; fileRef = 30BC520E2BA2515F0011D2E8 /* Bidir.metal */; };
		30BE15B82B62DB30001870BA /* PathEms.swift in Sources */ = {isa = PBXBuildFile; fileRef = 30BE15B72B62DB30001870BA /* PathEms.swift */; };
		30BE15BA2B62DB82001870BA /* pathEms.metal in Sources */ = {isa = PBXBuildFile; fileRef = 30BE15B92B62DB82001870BA /* pathEms.metal */; };
		30D8E24D2B4BD5660037670A /* Sampling.c in Sources */ = {isa = PBXBuildFile; fileRef = 30D8E24C2B4BD5660037670A /* Sampling.c */; };
		30D8E2502B4BDE620037670A /* TestSampling.swift in Sources */ = {isa = PBXBuildFile; fileRef = 30D8E24F2B4BDE620037670A /* TestSampling.swift */; };
		30D8E2522B4BDEBD0037670A /* TestSampling.metal in Sources */ = {isa = PBXBuildFile; fileRef = 30D8E2512B4BDEBD0037670A /* TestSampling.metal */; };
		30D8E2592B4BE5690037670A /* CPUSampling.c in Sources */ = {isa = PBXBuildFile; fileRef = 30D8E2582B4BE5690037670A /* CPUSampling.c */; };
		30D8E25B2B4BE6180037670A /* MetalSampling.metal in Sources */ = {isa = PBXBuildFile; fileRef = 30D8E25A2B4BE6180037670A /* MetalSampling.metal */; };
		30E167F12BA5460C003FD9D6 /* 2DSim.swift in Sources */ = {isa = PBXBuildFile; fileRef = 30E167F02BA5460C003FD9D6 /* 2DSim.swift */; };
		30E167F42BA54835003FD9D6 /* 2DSim.metal in Sources */ = {isa = PBXBuildFile; fileRef = 30E167F32BA54835003FD9D6 /* 2DSim.metal */; };
		30F711DC2BA8C42A0043E15B /* HybridBidir.swift in Sources */ = {isa = PBXBuildFile; fileRef = 30F711DB2BA8C42A0043E15B /* HybridBidir.swift */; };
		30F711DE2BA8C4D50043E15B /* Lighting.c in Sources */ = {isa = PBXBuildFile; fileRef = 30F711DD2BA8C4D50043E15B /* Lighting.c */; };
		30F711E22BA8FEEA0043E15B /* Tracing.swift in Sources */ = {isa = PBXBuildFile; fileRef = 30F711E12BA8FEEA0043E15B /* Tracing.swift */; };
		30FA51A32ADA485400E365A4 /* SequenceIntersector.swift in Sources */ = {isa = PBXBuildFile; fileRef = 30FA51A22ADA485400E365A4 /* SequenceIntersector.swift */; };
		30FA51A52ADA492200E365A4 /* PassIntersector.swift in Sources */ = {isa = PBXBuildFile; fileRef = 30FA51A42ADA492200E365A4 /* PassIntersector.swift */; };
		30FA51A72ADA4D0200E365A4 /* RayRasterShader.swift in Sources */ = {isa = PBXBuildFile; fileRef = 30FA51A62ADA4D0200E365A4 /* RayRasterShader.swift */; };
		30FA51A92ADA505300E365A4 /* Intersect.metal in Sources */ = {isa = PBXBuildFile; fileRef = 30FA51A82ADA505300E365A4 /* Intersect.metal */; };
		30FA51AB2ADA515900E365A4 /* DirectionalTesting.metal in Sources */ = {isa = PBXBuildFile; fileRef = 30FA51AA2ADA515900E365A4 /* DirectionalTesting.metal */; };
		30FA51AF2ADA53A300E365A4 /* DirectionalTesting.swift in Sources */ = {isa = PBXBuildFile; fileRef = 30FA51AE2ADA53A300E365A4 /* DirectionalTesting.swift */; };
		30FA51B12ADA557200E365A4 /* RendererHelpers.metal in Sources */ = {isa = PBXBuildFile; fileRef = 30FA51B02ADA557200E365A4 /* RendererHelpers.metal */; };
		30FA51B52ADB46A000E365A4 /* Color.swift in Sources */ = {isa = PBXBuildFile; fileRef = 30FA51B42ADB46A000E365A4 /* Color.swift */; };
		30FA51B82ADB4B4A00E365A4 /* DirectionalTestingView.swift in Sources */ = {isa = PBXBuildFile; fileRef = 30FA51B72ADB4B4A00E365A4 /* DirectionalTestingView.swift */; };
		30FA51BC2ADB4D8400E365A4 /* RayTracerView.swift in Sources */ = {isa = PBXBuildFile; fileRef = 30FA51BB2ADB4D8400E365A4 /* RayTracerView.swift */; };
		30FA51BE2ADB4DDB00E365A4 /* RayTracer.swift in Sources */ = {isa = PBXBuildFile; fileRef = 30FA51BD2ADB4DDB00E365A4 /* RayTracer.swift */; };
		30FA51C02ADB4EB400E365A4 /* RayTracing.metal in Sources */ = {isa = PBXBuildFile; fileRef = 30FA51BF2ADB4EB400E365A4 /* RayTracing.metal */; };
		30FA51C22ADB510500E365A4 /* RayTracerScene.swift in Sources */ = {isa = PBXBuildFile; fileRef = 30FA51C12ADB510500E365A4 /* RayTracerScene.swift */; };
		30FE256E2B414C0E005E3389 /* ShaderBuilder.swift in Sources */ = {isa = PBXBuildFile; fileRef = 30FE256D2B414C0E005E3389 /* ShaderBuilder.swift */; };
/* End PBXBuildFile section */

/* Begin PBXContainerItemProxy section */
		309C23482A52253300BA7B73 /* PBXContainerItemProxy */ = {
			isa = PBXContainerItemProxy;
			containerPortal = 309C232E2A52253100BA7B73 /* Project object */;
			proxyType = 1;
			remoteGlobalIDString = 309C23352A52253100BA7B73;
			remoteInfo = MetalHaven;
		};
		309C23522A52253300BA7B73 /* PBXContainerItemProxy */ = {
			isa = PBXContainerItemProxy;
			containerPortal = 309C232E2A52253100BA7B73 /* Project object */;
			proxyType = 1;
			remoteGlobalIDString = 309C23352A52253100BA7B73;
			remoteInfo = MetalHaven;
		};
/* End PBXContainerItemProxy section */

/* Begin PBXFileReference section */
		300893B62A93F97600176899 /* Material.swift */ = {isa = PBXFileReference; lastKnownFileType = sourcecode.swift; path = Material.swift; sourceTree = "<group>"; };
		300893B92A93FA8500176899 /* Diffuse.swift */ = {isa = PBXFileReference; lastKnownFileType = sourcecode.swift; path = Diffuse.swift; sourceTree = "<group>"; };
		300893BB2A93FB1A00176899 /* Sampler.swift */ = {isa = PBXFileReference; lastKnownFileType = sourcecode.swift; path = Sampler.swift; sourceTree = "<group>"; };
		300893BE2A93FB5A00176899 /* Warp.swift */ = {isa = PBXFileReference; lastKnownFileType = sourcecode.swift; path = Warp.swift; sourceTree = "<group>"; };
		30172EB22B9BA0F700833A4F /* Bidir.swift */ = {isa = PBXFileReference; lastKnownFileType = sourcecode.swift; path = Bidir.swift; sourceTree = "<group>"; };
		301B37592ADDD25D003EE9FC /* PathTracingView.swift */ = {isa = PBXFileReference; lastKnownFileType = sourcecode.swift; path = PathTracingView.swift; sourceTree = "<group>"; };
		301B375B2ADDD436003EE9FC /* PathMats.swift */ = {isa = PBXFileReference; lastKnownFileType = sourcecode.swift; path = PathMats.swift; sourceTree = "<group>"; };
		301B375D2ADDD5B2003EE9FC /* PathMats.metal */ = {isa = PBXFileReference; lastKnownFileType = sourcecode.metal; path = PathMats.metal; sourceTree = "<group>"; };
		302D6BC02A687406006D62A7 /* Ray.metal */ = {isa = PBXFileReference; lastKnownFileType = sourcecode.metal; path = Ray.metal; sourceTree = "<group>"; };
		302D6BC32A6875AB006D62A7 /* Geometry.metal */ = {isa = PBXFileReference; lastKnownFileType = sourcecode.metal; path = Geometry.metal; sourceTree = "<group>"; };
		302D6BC52A6884AC006D62A7 /* Camera.swift */ = {isa = PBXFileReference; lastKnownFileType = sourcecode.swift; path = Camera.swift; sourceTree = "<group>"; };
		30336BD22BACCFF50010B395 /* LiveHybridMLT.swift */ = {isa = PBXFileReference; lastKnownFileType = sourcecode.swift; path = LiveHybridMLT.swift; sourceTree = "<group>"; };
		303547A02B7D16A4002E6C6B /* ShaderCompiler.swift */ = {isa = PBXFileReference; lastKnownFileType = sourcecode.swift; path = ShaderCompiler.swift; sourceTree = "<group>"; };
		303547A22B7D16E3002E6C6B /* Struct.swift */ = {isa = PBXFileReference; lastKnownFileType = sourcecode.swift; path = Struct.swift; sourceTree = "<group>"; };
		303547A62B7D195F002E6C6B /* Grapher.swift */ = {isa = PBXFileReference; lastKnownFileType = sourcecode.swift; path = Grapher.swift; sourceTree = "<group>"; };
		30370E762AE0B3CC00C56C8F /* Frame.swift */ = {isa = PBXFileReference; lastKnownFileType = sourcecode.swift; path = Frame.swift; sourceTree = "<group>"; };
		30370E792AE0C1E200C56C8F /* TestIntersections.swift */ = {isa = PBXFileReference; lastKnownFileType = sourcecode.swift; path = TestIntersections.swift; sourceTree = "<group>"; };
		30370E7B2AE0C1F000C56C8F /* TestIntersections.metal */ = {isa = PBXFileReference; lastKnownFileType = sourcecode.metal; path = TestIntersections.metal; sourceTree = "<group>"; };
		30370E7E2AE0D13100C56C8F /* BoxScene.swift */ = {isa = PBXFileReference; lastKnownFileType = sourcecode.swift; path = BoxScene.swift; sourceTree = "<group>"; };
		303736772B418520003214A0 /* MetalBridge */ = {isa = PBXFileReference; lastKnownFileType = wrapper; path = MetalBridge; sourceTree = "<group>"; };
		3037367B2B4187E9003214A0 /* ShaderCompiler */ = {isa = PBXFileReference; lastKnownFileType = wrapper; path = ShaderCompiler; sourceTree = "<group>"; };
		303960232B86DBC8003543FA /* PMis.swift */ = {isa = PBXFileReference; lastKnownFileType = sourcecode.swift; path = PMis.swift; sourceTree = "<group>"; };
		303960252B86DC19003543FA /* PMis.metal */ = {isa = PBXFileReference; lastKnownFileType = sourcecode.metal; path = PMis.metal; sourceTree = "<group>"; };
		3045ED392BAFA052005FE34D /* Accel.metal */ = {isa = PBXFileReference; lastKnownFileType = sourcecode.metal; path = Accel.metal; sourceTree = "<group>"; };
		3045ED3B2BAFAFFA005FE34D /* LiveBidir.swift */ = {isa = PBXFileReference; lastKnownFileType = sourcecode.swift; path = LiveBidir.swift; sourceTree = "<group>"; };
		3045ED3D2BAFD541005FE34D /* PhotoEncoder.swift */ = {isa = PBXFileReference; fileEncoding = 4; lastKnownFileType = sourcecode.swift; path = PhotoEncoder.swift; sourceTree = "<group>"; };
		3045ED3F2BAFD782005FE34D /* VisualizeNormals.swift */ = {isa = PBXFileReference; lastKnownFileType = sourcecode.swift; path = VisualizeNormals.swift; sourceTree = "<group>"; };
		3045ED412BAFD78C005FE34D /* VisualizeNormals.metal */ = {isa = PBXFileReference; lastKnownFileType = sourcecode.metal; path = VisualizeNormals.metal; sourceTree = "<group>"; };
		304892622ADF713100938177 /* ThreadManager.swift */ = {isa = PBXFileReference; lastKnownFileType = sourcecode.swift; path = ThreadManager.swift; sourceTree = "<group>"; };
		305807262ACC65220079B6F4 /* Integrator.swift */ = {isa = PBXFileReference; lastKnownFileType = sourcecode.swift; path = Integrator.swift; sourceTree = "<group>"; };
		3058072B2ACC65A40079B6F4 /* Tracing.h */ = {isa = PBXFileReference; lastKnownFileType = sourcecode.c.h; path = Tracing.h; sourceTree = "<group>"; };
		3058072C2ACC65B10079B6F4 /* Ray.c */ = {isa = PBXFileReference; lastKnownFileType = sourcecode.c.c; path = Ray.c; sourceTree = "<group>"; };
		3058072E2ACC65BF0079B6F4 /* Intersection.c */ = {isa = PBXFileReference; lastKnownFileType = sourcecode.c.c; path = Intersection.c; sourceTree = "<group>"; };
		305807322ACC67F80079B6F4 /* RendererManager.swift */ = {isa = PBXFileReference; lastKnownFileType = sourcecode.swift; path = RendererManager.swift; sourceTree = "<group>"; };
		305807342ACC684D0079B6F4 /* EncodableConformances.swift */ = {isa = PBXFileReference; lastKnownFileType = sourcecode.swift; path = EncodableConformances.swift; sourceTree = "<group>"; };
		305807362ACC72ED0079B6F4 /* VideoScene.swift */ = {isa = PBXFileReference; lastKnownFileType = sourcecode.swift; path = VideoScene.swift; sourceTree = "<group>"; };
		30600D972BA90DAC00F111A7 /* HybridBidir.metal */ = {isa = PBXFileReference; lastKnownFileType = sourcecode.metal; path = HybridBidir.metal; sourceTree = "<group>"; };
		30600D9D2BAA49C100F111A7 /* HybridMLT.swift */ = {isa = PBXFileReference; lastKnownFileType = sourcecode.swift; path = HybridMLT.swift; sourceTree = "<group>"; };
		30600D9F2BAA4DC200F111A7 /* Material.h */ = {isa = PBXFileReference; lastKnownFileType = sourcecode.c.h; path = Material.h; sourceTree = "<group>"; };
		30600DA02BAA50CB00F111A7 /* Material.c */ = {isa = PBXFileReference; lastKnownFileType = sourcecode.c.c; path = Material.c; sourceTree = "<group>"; };
		306474CA2B7C2180002E3DFA /* PathMatsSingle.swift */ = {isa = PBXFileReference; lastKnownFileType = sourcecode.swift; path = PathMatsSingle.swift; sourceTree = "<group>"; };
		306474CC2B7C21A9002E3DFA /* PathMatsSingle.metal */ = {isa = PBXFileReference; lastKnownFileType = sourcecode.metal; path = PathMatsSingle.metal; sourceTree = "<group>"; };
		306912142B51627600D1EA58 /* Tracing.c */ = {isa = PBXFileReference; lastKnownFileType = sourcecode.c.c; path = Tracing.c; sourceTree = "<group>"; };
		306912162B5162C900D1EA58 /* Tracing.metal */ = {isa = PBXFileReference; lastKnownFileType = sourcecode.metal; path = Tracing.metal; sourceTree = "<group>"; };
		306912192B516E9B00D1EA58 /* DirectEms.swift */ = {isa = PBXFileReference; lastKnownFileType = sourcecode.swift; path = DirectEms.swift; sourceTree = "<group>"; };
		3069121B2B5289A900D1EA58 /* DirectEms.metal */ = {isa = PBXFileReference; lastKnownFileType = sourcecode.metal; path = DirectEms.metal; sourceTree = "<group>"; };
		3069121F2B533A3200D1EA58 /* LightingSampler.swift */ = {isa = PBXFileReference; lastKnownFileType = sourcecode.swift; path = LightingSampler.swift; sourceTree = "<group>"; };
		306E147A2B5B4073002F6063 /* MetalLighting.hpp */ = {isa = PBXFileReference; lastKnownFileType = sourcecode.cpp.h; path = MetalLighting.hpp; sourceTree = "<group>"; };
		306E147B2B5B452F002F6063 /* PathTracing.h */ = {isa = PBXFileReference; lastKnownFileType = sourcecode.c.h; path = PathTracing.h; sourceTree = "<group>"; };
		306E147D2B5D9CEF002F6063 /* Bidirectional.swift */ = {isa = PBXFileReference; lastKnownFileType = sourcecode.swift; path = Bidirectional.swift; sourceTree = "<group>"; };
		306E147F2B5D9D82002F6063 /* Bidirectional.metal */ = {isa = PBXFileReference; lastKnownFileType = sourcecode.metal; path = Bidirectional.metal; sourceTree = "<group>"; };
		306E14812B5DB69C002F6063 /* SampleMat.hpp */ = {isa = PBXFileReference; lastKnownFileType = sourcecode.cpp.h; path = SampleMat.hpp; sourceTree = "<group>"; };
		30705D322B4FC9E500F1604B /* Lighting.metal */ = {isa = PBXFileReference; lastKnownFileType = sourcecode.metal; path = Lighting.metal; sourceTree = "<group>"; };
		30861B462B8BDC7B0070831F /* PMats.swift */ = {isa = PBXFileReference; lastKnownFileType = sourcecode.swift; path = PMats.swift; sourceTree = "<group>"; };
		30861B482B8BDC860070831F /* PMats.metal */ = {isa = PBXFileReference; lastKnownFileType = sourcecode.metal; path = PMats.metal; sourceTree = "<group>"; };
		30861B4A2B8BE4530070831F /* PEms.swift */ = {isa = PBXFileReference; lastKnownFileType = sourcecode.swift; path = PEms.swift; sourceTree = "<group>"; };
		30861B4C2B8BE4600070831F /* PEms.metal */ = {isa = PBXFileReference; lastKnownFileType = sourcecode.metal; path = PEms.metal; sourceTree = "<group>"; };
		308BEEDE2B7D2CFF003952ED /* Parsing.swift */ = {isa = PBXFileReference; lastKnownFileType = sourcecode.swift; path = Parsing.swift; sourceTree = "<group>"; };
		308BEEE02B7D3024003952ED /* Grapher.metal */ = {isa = PBXFileReference; lastKnownFileType = sourcecode.metal; path = Grapher.metal; sourceTree = "<group>"; };
		309201C72B54B72C0099D34F /* PathMis.swift */ = {isa = PBXFileReference; lastKnownFileType = sourcecode.swift; path = PathMis.swift; sourceTree = "<group>"; };
		309201C92B54B80E0099D34F /* PathMis.metal */ = {isa = PBXFileReference; lastKnownFileType = sourcecode.metal; path = PathMis.metal; sourceTree = "<group>"; };
		309201CB2B54B8250099D34F /* LightSampling.h */ = {isa = PBXFileReference; lastKnownFileType = sourcecode.c.h; path = LightSampling.h; sourceTree = "<group>"; };
		309201CC2B54B9830099D34F /* MetalTracing.hpp */ = {isa = PBXFileReference; lastKnownFileType = sourcecode.cpp.h; path = MetalTracing.hpp; sourceTree = "<group>"; };
		3096F0D02B4428E100BECC2D /* RawBufferTest.swift */ = {isa = PBXFileReference; lastKnownFileType = sourcecode.swift; path = RawBufferTest.swift; sourceTree = "<group>"; };
		3096F0D22B442CA200BECC2D /* RawBufferTest.metal */ = {isa = PBXFileReference; lastKnownFileType = sourcecode.metal; path = RawBufferTest.metal; sourceTree = "<group>"; };
		3096F0D42B4480D200BECC2D /* VoidBufferWrapper.swift */ = {isa = PBXFileReference; lastKnownFileType = sourcecode.swift; path = VoidBufferWrapper.swift; sourceTree = "<group>"; };
		309C23362A52253100BA7B73 /* MetalHaven.app */ = {isa = PBXFileReference; explicitFileType = wrapper.application; includeInIndex = 0; path = MetalHaven.app; sourceTree = BUILT_PRODUCTS_DIR; };
		309C23392A52253100BA7B73 /* MetalHavenApp.swift */ = {isa = PBXFileReference; lastKnownFileType = sourcecode.swift; path = MetalHavenApp.swift; sourceTree = "<group>"; };
		309C233B2A52253100BA7B73 /* ContentView.swift */ = {isa = PBXFileReference; lastKnownFileType = sourcecode.swift; path = ContentView.swift; sourceTree = "<group>"; };
		309C233D2A52253200BA7B73 /* Assets.xcassets */ = {isa = PBXFileReference; lastKnownFileType = folder.assetcatalog; path = Assets.xcassets; sourceTree = "<group>"; };
		309C23402A52253200BA7B73 /* Preview Assets.xcassets */ = {isa = PBXFileReference; lastKnownFileType = folder.assetcatalog; path = "Preview Assets.xcassets"; sourceTree = "<group>"; };
		309C23422A52253200BA7B73 /* MetalHaven.entitlements */ = {isa = PBXFileReference; lastKnownFileType = text.plist.entitlements; path = MetalHaven.entitlements; sourceTree = "<group>"; };
		309C23472A52253300BA7B73 /* MetalHavenTests.xctest */ = {isa = PBXFileReference; explicitFileType = wrapper.cfbundle; includeInIndex = 0; path = MetalHavenTests.xctest; sourceTree = BUILT_PRODUCTS_DIR; };
		309C234B2A52253300BA7B73 /* MetalHavenTests.swift */ = {isa = PBXFileReference; lastKnownFileType = sourcecode.swift; path = MetalHavenTests.swift; sourceTree = "<group>"; };
		309C23512A52253300BA7B73 /* MetalHavenUITests.xctest */ = {isa = PBXFileReference; explicitFileType = wrapper.cfbundle; includeInIndex = 0; path = MetalHavenUITests.xctest; sourceTree = BUILT_PRODUCTS_DIR; };
		309C23552A52253300BA7B73 /* MetalHavenUITests.swift */ = {isa = PBXFileReference; lastKnownFileType = sourcecode.swift; path = MetalHavenUITests.swift; sourceTree = "<group>"; };
		309C23572A52253300BA7B73 /* MetalHavenUITestsLaunchTests.swift */ = {isa = PBXFileReference; lastKnownFileType = sourcecode.swift; path = MetalHavenUITestsLaunchTests.swift; sourceTree = "<group>"; };
		309C236D2A5226B500BA7B73 /* Geometry.h */ = {isa = PBXFileReference; lastKnownFileType = sourcecode.c.h; path = Geometry.h; sourceTree = "<group>"; };
		309C236E2A52270F00BA7B73 /* Bridge.h */ = {isa = PBXFileReference; lastKnownFileType = sourcecode.c.h; path = Bridge.h; sourceTree = "<group>"; };
		309C23742A52283800BA7B73 /* Lighting.h */ = {isa = PBXFileReference; lastKnownFileType = sourcecode.c.h; path = Lighting.h; sourceTree = "<group>"; };
		309C23782A52294B00BA7B73 /* GeometryScene.swift */ = {isa = PBXFileReference; lastKnownFileType = sourcecode.swift; path = GeometryScene.swift; sourceTree = "<group>"; };
		309C237A2A5229FE00BA7B73 /* Geometry.swift */ = {isa = PBXFileReference; lastKnownFileType = sourcecode.swift; path = Geometry.swift; sourceTree = "<group>"; };
		30A786FE2B41753F008D4EBF /* BasicTypes.swift */ = {isa = PBXFileReference; lastKnownFileType = sourcecode.swift; path = BasicTypes.swift; sourceTree = "<group>"; };
		30A787002B417575008D4EBF /* VectorTypes.swift */ = {isa = PBXFileReference; lastKnownFileType = sourcecode.swift; path = VectorTypes.swift; sourceTree = "<group>"; };
		30A787022B41758A008D4EBF /* Binops.swift */ = {isa = PBXFileReference; lastKnownFileType = sourcecode.swift; path = Binops.swift; sourceTree = "<group>"; };
		30AC515C2BAB527000AA195D /* Metropolis.swift */ = {isa = PBXFileReference; lastKnownFileType = sourcecode.swift; path = Metropolis.swift; sourceTree = "<group>"; };
		30AC515E2BAB63E100AA195D /* Metropolis.metal */ = {isa = PBXFileReference; lastKnownFileType = sourcecode.metal; path = Metropolis.metal; sourceTree = "<group>"; };
		30BC520A2BA243A60011D2E8 /* MPSIntersector.swift */ = {isa = PBXFileReference; lastKnownFileType = sourcecode.swift; path = MPSIntersector.swift; sourceTree = "<group>"; };
		30BC520C2BA244060011D2E8 /* TriangleIntersection.metal */ = {isa = PBXFileReference; lastKnownFileType = sourcecode.metal; path = TriangleIntersection.metal; sourceTree = "<group>"; };
		30BC520E2BA2515F0011D2E8 /* Bidir.metal */ = {isa = PBXFileReference; lastKnownFileType = sourcecode.metal; path = Bidir.metal; sourceTree = "<group>"; };
		30BE15B72B62DB30001870BA /* PathEms.swift */ = {isa = PBXFileReference; lastKnownFileType = sourcecode.swift; path = PathEms.swift; sourceTree = "<group>"; };
		30BE15B92B62DB82001870BA /* pathEms.metal */ = {isa = PBXFileReference; lastKnownFileType = sourcecode.metal; path = pathEms.metal; sourceTree = "<group>"; };
		30C196E92B85302800C4F0A3 /* RayTracing.h */ = {isa = PBXFileReference; lastKnownFileType = sourcecode.c.h; path = RayTracing.h; sourceTree = "<group>"; };
		30D8E24B2B4BD55A0037670A /* Sampling.h */ = {isa = PBXFileReference; lastKnownFileType = sourcecode.c.h; path = Sampling.h; sourceTree = "<group>"; };
		30D8E24C2B4BD5660037670A /* Sampling.c */ = {isa = PBXFileReference; lastKnownFileType = sourcecode.c.c; path = Sampling.c; sourceTree = "<group>"; };
		30D8E24F2B4BDE620037670A /* TestSampling.swift */ = {isa = PBXFileReference; lastKnownFileType = sourcecode.swift; path = TestSampling.swift; sourceTree = "<group>"; };
		30D8E2512B4BDEBD0037670A /* TestSampling.metal */ = {isa = PBXFileReference; lastKnownFileType = sourcecode.metal; path = TestSampling.metal; sourceTree = "<group>"; };
		30D8E2572B4BE5690037670A /* CPUSampling.h */ = {isa = PBXFileReference; lastKnownFileType = sourcecode.c.h; path = CPUSampling.h; sourceTree = "<group>"; };
		30D8E2582B4BE5690037670A /* CPUSampling.c */ = {isa = PBXFileReference; lastKnownFileType = sourcecode.c.c; path = CPUSampling.c; sourceTree = "<group>"; };
		30D8E25A2B4BE6180037670A /* MetalSampling.metal */ = {isa = PBXFileReference; lastKnownFileType = sourcecode.metal; path = MetalSampling.metal; sourceTree = "<group>"; };
		30D8E25C2B4BE6310037670A /* MetalSampling.hpp */ = {isa = PBXFileReference; lastKnownFileType = sourcecode.cpp.h; path = MetalSampling.hpp; sourceTree = "<group>"; };
		30E167F02BA5460C003FD9D6 /* 2DSim.swift */ = {isa = PBXFileReference; lastKnownFileType = sourcecode.swift; path = 2DSim.swift; sourceTree = "<group>"; };
		30E167F22BA54692003FD9D6 /* Fluid2D.h */ = {isa = PBXFileReference; lastKnownFileType = sourcecode.c.h; path = Fluid2D.h; sourceTree = "<group>"; };
		30E167F32BA54835003FD9D6 /* 2DSim.metal */ = {isa = PBXFileReference; lastKnownFileType = sourcecode.metal; path = 2DSim.metal; sourceTree = "<group>"; };
		30F711DB2BA8C42A0043E15B /* HybridBidir.swift */ = {isa = PBXFileReference; lastKnownFileType = sourcecode.swift; path = HybridBidir.swift; sourceTree = "<group>"; };
		30F711DD2BA8C4D50043E15B /* Lighting.c */ = {isa = PBXFileReference; lastKnownFileType = sourcecode.c.c; path = Lighting.c; sourceTree = "<group>"; };
		30F711DF2BA8F42E0043E15B /* Core3D.h */ = {isa = PBXFileReference; lastKnownFileType = sourcecode.c.h; path = Core3D.h; sourceTree = "<group>"; };
		30F711E02BA8F5280043E15B /* Core3DMetal.hpp */ = {isa = PBXFileReference; lastKnownFileType = sourcecode.cpp.h; path = Core3DMetal.hpp; sourceTree = "<group>"; };
		30F711E12BA8FEEA0043E15B /* Tracing.swift */ = {isa = PBXFileReference; lastKnownFileType = sourcecode.swift; path = Tracing.swift; sourceTree = "<group>"; };
		30FA51A22ADA485400E365A4 /* SequenceIntersector.swift */ = {isa = PBXFileReference; lastKnownFileType = sourcecode.swift; path = SequenceIntersector.swift; sourceTree = "<group>"; };
		30FA51A42ADA492200E365A4 /* PassIntersector.swift */ = {isa = PBXFileReference; lastKnownFileType = sourcecode.swift; path = PassIntersector.swift; sourceTree = "<group>"; };
		30FA51A62ADA4D0200E365A4 /* RayRasterShader.swift */ = {isa = PBXFileReference; lastKnownFileType = sourcecode.swift; path = RayRasterShader.swift; sourceTree = "<group>"; };
		30FA51A82ADA505300E365A4 /* Intersect.metal */ = {isa = PBXFileReference; lastKnownFileType = sourcecode.metal; path = Intersect.metal; sourceTree = "<group>"; };
		30FA51AA2ADA515900E365A4 /* DirectionalTesting.metal */ = {isa = PBXFileReference; lastKnownFileType = sourcecode.metal; path = DirectionalTesting.metal; sourceTree = "<group>"; };
		30FA51AE2ADA53A300E365A4 /* DirectionalTesting.swift */ = {isa = PBXFileReference; lastKnownFileType = sourcecode.swift; path = DirectionalTesting.swift; sourceTree = "<group>"; };
		30FA51B02ADA557200E365A4 /* RendererHelpers.metal */ = {isa = PBXFileReference; lastKnownFileType = sourcecode.metal; path = RendererHelpers.metal; sourceTree = "<group>"; };
		30FA51B42ADB46A000E365A4 /* Color.swift */ = {isa = PBXFileReference; lastKnownFileType = sourcecode.swift; path = Color.swift; sourceTree = "<group>"; };
		30FA51B72ADB4B4A00E365A4 /* DirectionalTestingView.swift */ = {isa = PBXFileReference; lastKnownFileType = sourcecode.swift; path = DirectionalTestingView.swift; sourceTree = "<group>"; };
		30FA51BB2ADB4D8400E365A4 /* RayTracerView.swift */ = {isa = PBXFileReference; lastKnownFileType = sourcecode.swift; path = RayTracerView.swift; sourceTree = "<group>"; };
		30FA51BD2ADB4DDB00E365A4 /* RayTracer.swift */ = {isa = PBXFileReference; lastKnownFileType = sourcecode.swift; path = RayTracer.swift; sourceTree = "<group>"; };
		30FA51BF2ADB4EB400E365A4 /* RayTracing.metal */ = {isa = PBXFileReference; lastKnownFileType = sourcecode.metal; path = RayTracing.metal; sourceTree = "<group>"; };
		30FA51C12ADB510500E365A4 /* RayTracerScene.swift */ = {isa = PBXFileReference; lastKnownFileType = sourcecode.swift; path = RayTracerScene.swift; sourceTree = "<group>"; };
		30FE256D2B414C0E005E3389 /* ShaderBuilder.swift */ = {isa = PBXFileReference; lastKnownFileType = sourcecode.swift; path = ShaderBuilder.swift; sourceTree = "<group>"; };
/* End PBXFileReference section */

/* Begin PBXFrameworksBuildPhase section */
		309C23332A52253100BA7B73 /* Frameworks */ = {
			isa = PBXFrameworksBuildPhase;
			buildActionMask = 2147483647;
			files = (
				309C23692A52254D00BA7B73 /* Exposables in Frameworks */,
				3037367A2B418716003214A0 /* MetalBridge in Frameworks */,
				309C23662A52254100BA7B73 /* MetalAbstract in Frameworks */,
			);
			runOnlyForDeploymentPostprocessing = 0;
		};
		309C23442A52253300BA7B73 /* Frameworks */ = {
			isa = PBXFrameworksBuildPhase;
			buildActionMask = 2147483647;
			files = (
			);
			runOnlyForDeploymentPostprocessing = 0;
		};
		309C234E2A52253300BA7B73 /* Frameworks */ = {
			isa = PBXFrameworksBuildPhase;
			buildActionMask = 2147483647;
			files = (
			);
			runOnlyForDeploymentPostprocessing = 0;
		};
/* End PBXFrameworksBuildPhase section */

/* Begin PBXGroup section */
		300893B52A93F92100176899 /* Scene */ = {
			isa = PBXGroup;
			children = (
				30370E7D2AE0D12700C56C8F /* Scenes */,
				300893B82A93FA7D00176899 /* Materials */,
				309C23782A52294B00BA7B73 /* GeometryScene.swift */,
				305807362ACC72ED0079B6F4 /* VideoScene.swift */,
				30705D312B4FC9D900F1604B /* Lighting */,
				302D6BC52A6884AC006D62A7 /* Camera.swift */,
				3058072A2ACC65880079B6F4 /* Tracing */,
				309C236A2A52258300BA7B73 /* Geometry */,
				30F711DF2BA8F42E0043E15B /* Core3D.h */,
				30F711E02BA8F5280043E15B /* Core3DMetal.hpp */,
			);
			path = Scene;
			sourceTree = "<group>";
		};
		300893B82A93FA7D00176899 /* Materials */ = {
			isa = PBXGroup;
			children = (
				300893B62A93F97600176899 /* Material.swift */,
				300893B92A93FA8500176899 /* Diffuse.swift */,
				30600D9F2BAA4DC200F111A7 /* Material.h */,
				30600DA02BAA50CB00F111A7 /* Material.c */,
			);
			path = Materials;
			sourceTree = "<group>";
		};
		300893BD2A93FB4300176899 /* Sampling */ = {
			isa = PBXGroup;
			children = (
				300893BB2A93FB1A00176899 /* Sampler.swift */,
				300893BE2A93FB5A00176899 /* Warp.swift */,
				30D8E24B2B4BD55A0037670A /* Sampling.h */,
				30D8E24C2B4BD5660037670A /* Sampling.c */,
				30D8E25C2B4BE6310037670A /* MetalSampling.hpp */,
				30D8E25A2B4BE6180037670A /* MetalSampling.metal */,
				30D8E2572B4BE5690037670A /* CPUSampling.h */,
				30D8E2582B4BE5690037670A /* CPUSampling.c */,
				309201CB2B54B8250099D34F /* LightSampling.h */,
			);
			path = Sampling;
			sourceTree = "<group>";
		};
		301B37572ADDD241003EE9FC /* PathTracing */ = {
			isa = PBXGroup;
			children = (
				303960222B86DBB2003543FA /* ContinualRenderers */,
				306E147B2B5B452F002F6063 /* PathTracing.h */,
				301B37592ADDD25D003EE9FC /* PathTracingView.swift */,
				30BE15B62B62DB26001870BA /* PathEms */,
				306E147C2B5D9CE0002F6063 /* Bidirectional */,
				309201C62B54B7200099D34F /* PathMis */,
				306912182B516E8700D1EA58 /* DirectEms */,
				301B37582ADDD249003EE9FC /* PathMats */,
			);
			path = PathTracing;
			sourceTree = "<group>";
		};
		301B37582ADDD249003EE9FC /* PathMats */ = {
			isa = PBXGroup;
			children = (
				301B375B2ADDD436003EE9FC /* PathMats.swift */,
				301B375D2ADDD5B2003EE9FC /* PathMats.metal */,
				306474C92B7C2175002E3DFA /* NonIntegrator */,
				306E14812B5DB69C002F6063 /* SampleMat.hpp */,
			);
			path = PathMats;
			sourceTree = "<group>";
		};
		303547A42B7D1942002E6C6B /* Rendering */ = {
			isa = PBXGroup;
			children = (
				30FA51AD2ADA539C00E365A4 /* Testing */,
				305807252ACC65160079B6F4 /* Renderer */,
				300893BD2A93FB4300176899 /* Sampling */,
				300893B52A93F92100176899 /* Scene */,
			);
			path = Rendering;
			sourceTree = "<group>";
		};
		303547A52B7D1950002E6C6B /* Graphing */ = {
			isa = PBXGroup;
			children = (
				303547A62B7D195F002E6C6B /* Grapher.swift */,
				308BEEE02B7D3024003952ED /* Grapher.metal */,
				308BEEDE2B7D2CFF003952ED /* Parsing.swift */,
			);
			path = Graphing;
			sourceTree = "<group>";
		};
		30370E782AE0C1D200C56C8F /* TestIntersectFunction */ = {
			isa = PBXGroup;
			children = (
				30BC520A2BA243A60011D2E8 /* MPSIntersector.swift */,
				30BC520C2BA244060011D2E8 /* TriangleIntersection.metal */,
				30370E792AE0C1E200C56C8F /* TestIntersections.swift */,
				30370E7B2AE0C1F000C56C8F /* TestIntersections.metal */,
			);
			path = TestIntersectFunction;
			sourceTree = "<group>";
		};
		30370E7D2AE0D12700C56C8F /* Scenes */ = {
			isa = PBXGroup;
			children = (
				30370E7E2AE0D13100C56C8F /* BoxScene.swift */,
			);
			path = Scenes;
			sourceTree = "<group>";
		};
		303736782B418716003214A0 /* Frameworks */ = {
			isa = PBXGroup;
			children = (
			);
			name = Frameworks;
			sourceTree = "<group>";
		};
		303960222B86DBB2003543FA /* ContinualRenderers */ = {
			isa = PBXGroup;
			children = (
				303960232B86DBC8003543FA /* PMis.swift */,
				303960252B86DC19003543FA /* PMis.metal */,
				30861B462B8BDC7B0070831F /* PMats.swift */,
				30861B482B8BDC860070831F /* PMats.metal */,
				30861B4A2B8BE4530070831F /* PEms.swift */,
				30861B4C2B8BE4600070831F /* PEms.metal */,
				30172EB22B9BA0F700833A4F /* Bidir.swift */,
				30BC520E2BA2515F0011D2E8 /* Bidir.metal */,
				3045ED3B2BAFAFFA005FE34D /* LiveBidir.swift */,
				30F711DB2BA8C42A0043E15B /* HybridBidir.swift */,
				30600D972BA90DAC00F111A7 /* HybridBidir.metal */,
				30600D9D2BAA49C100F111A7 /* HybridMLT.swift */,
				30336BD22BACCFF50010B395 /* LiveHybridMLT.swift */,
				30AC515C2BAB527000AA195D /* Metropolis.swift */,
				30AC515E2BAB63E100AA195D /* Metropolis.metal */,
				3045ED3F2BAFD782005FE34D /* VisualizeNormals.swift */,
				3045ED412BAFD78C005FE34D /* VisualizeNormals.metal */,
			);
			path = ContinualRenderers;
			sourceTree = "<group>";
		};
		305807252ACC65160079B6F4 /* Renderer */ = {
			isa = PBXGroup;
			children = (
				305807262ACC65220079B6F4 /* Integrator.swift */,
				305807322ACC67F80079B6F4 /* RendererManager.swift */,
				30FA51B02ADA557200E365A4 /* RendererHelpers.metal */,
				30C196E92B85302800C4F0A3 /* RayTracing.h */,
				30FA51A12ADA484400E365A4 /* Intersector */,
			);
			path = Renderer;
			sourceTree = "<group>";
		};
		3058072A2ACC65880079B6F4 /* Tracing */ = {
			isa = PBXGroup;
			children = (
				3058072B2ACC65A40079B6F4 /* Tracing.h */,
				306912142B51627600D1EA58 /* Tracing.c */,
				306912162B5162C900D1EA58 /* Tracing.metal */,
				30F711E12BA8FEEA0043E15B /* Tracing.swift */,
				309201CC2B54B9830099D34F /* MetalTracing.hpp */,
				3045ED392BAFA052005FE34D /* Accel.metal */,
				3058072C2ACC65B10079B6F4 /* Ray.c */,
				3058072E2ACC65BF0079B6F4 /* Intersection.c */,
				302D6BC02A687406006D62A7 /* Ray.metal */,
				30FA51A82ADA505300E365A4 /* Intersect.metal */,
			);
			path = Tracing;
			sourceTree = "<group>";
		};
		306474C92B7C2175002E3DFA /* NonIntegrator */ = {
			isa = PBXGroup;
			children = (
				306474CA2B7C2180002E3DFA /* PathMatsSingle.swift */,
				306474CC2B7C21A9002E3DFA /* PathMatsSingle.metal */,
			);
			path = NonIntegrator;
			sourceTree = "<group>";
		};
		306912182B516E8700D1EA58 /* DirectEms */ = {
			isa = PBXGroup;
			children = (
				306912192B516E9B00D1EA58 /* DirectEms.swift */,
				3069121B2B5289A900D1EA58 /* DirectEms.metal */,
			);
			path = DirectEms;
			sourceTree = "<group>";
		};
		306E147C2B5D9CE0002F6063 /* Bidirectional */ = {
			isa = PBXGroup;
			children = (
				306E147D2B5D9CEF002F6063 /* Bidirectional.swift */,
				306E147F2B5D9D82002F6063 /* Bidirectional.metal */,
			);
			path = Bidirectional;
			sourceTree = "<group>";
		};
		30705D312B4FC9D900F1604B /* Lighting */ = {
			isa = PBXGroup;
			children = (
				309C23742A52283800BA7B73 /* Lighting.h */,
				30F711DD2BA8C4D50043E15B /* Lighting.c */,
				306E147A2B5B4073002F6063 /* MetalLighting.hpp */,
				30705D322B4FC9E500F1604B /* Lighting.metal */,
				3069121F2B533A3200D1EA58 /* LightingSampler.swift */,
			);
			path = Lighting;
			sourceTree = "<group>";
		};
		309201C62B54B7200099D34F /* PathMis */ = {
			isa = PBXGroup;
			children = (
				309201C72B54B72C0099D34F /* PathMis.swift */,
				309201C92B54B80E0099D34F /* PathMis.metal */,
			);
			path = PathMis;
			sourceTree = "<group>";
		};
		3096F0CF2B4428C700BECC2D /* VoidBuffer */ = {
			isa = PBXGroup;
			children = (
				3096F0D02B4428E100BECC2D /* RawBufferTest.swift */,
				3096F0D22B442CA200BECC2D /* RawBufferTest.metal */,
			);
			path = VoidBuffer;
			sourceTree = "<group>";
		};
		309C232D2A52253100BA7B73 = {
			isa = PBXGroup;
			children = (
				309C23382A52253100BA7B73 /* MetalHaven */,
				309C234A2A52253300BA7B73 /* MetalHavenTests */,
				309C23542A52253300BA7B73 /* MetalHavenUITests */,
				303736772B418520003214A0 /* MetalBridge */,
				3037367B2B4187E9003214A0 /* ShaderCompiler */,
				309C23372A52253100BA7B73 /* Products */,
				303736782B418716003214A0 /* Frameworks */,
			);
			sourceTree = "<group>";
		};
		309C23372A52253100BA7B73 /* Products */ = {
			isa = PBXGroup;
			children = (
				309C23362A52253100BA7B73 /* MetalHaven.app */,
				309C23472A52253300BA7B73 /* MetalHavenTests.xctest */,
				309C23512A52253300BA7B73 /* MetalHavenUITests.xctest */,
			);
			name = Products;
			sourceTree = "<group>";
		};
		309C23382A52253100BA7B73 /* MetalHaven */ = {
			isa = PBXGroup;
			children = (
				309C23392A52253100BA7B73 /* MetalHavenApp.swift */,
				309C233B2A52253100BA7B73 /* ContentView.swift */,
				30E167ED2BA545F5003FD9D6 /* Physics */,
				303547A42B7D1942002E6C6B /* Rendering */,
				303547A52B7D1950002E6C6B /* Graphing */,
				30FA51B32ADB469400E365A4 /* Exposables */,
				30FE256C2B414BFC005E3389 /* Shading */,
				30A410482A52394500C03BBD /* Helpers */,
				309C236E2A52270F00BA7B73 /* Bridge.h */,
				309C233D2A52253200BA7B73 /* Assets.xcassets */,
				309C23422A52253200BA7B73 /* MetalHaven.entitlements */,
				309C233F2A52253200BA7B73 /* Preview Content */,
			);
			path = MetalHaven;
			sourceTree = "<group>";
		};
		309C233F2A52253200BA7B73 /* Preview Content */ = {
			isa = PBXGroup;
			children = (
				309C23402A52253200BA7B73 /* Preview Assets.xcassets */,
			);
			path = "Preview Content";
			sourceTree = "<group>";
		};
		309C234A2A52253300BA7B73 /* MetalHavenTests */ = {
			isa = PBXGroup;
			children = (
				309C234B2A52253300BA7B73 /* MetalHavenTests.swift */,
			);
			path = MetalHavenTests;
			sourceTree = "<group>";
		};
		309C23542A52253300BA7B73 /* MetalHavenUITests */ = {
			isa = PBXGroup;
			children = (
				309C23552A52253300BA7B73 /* MetalHavenUITests.swift */,
				309C23572A52253300BA7B73 /* MetalHavenUITestsLaunchTests.swift */,
			);
			path = MetalHavenUITests;
			sourceTree = "<group>";
		};
		309C236A2A52258300BA7B73 /* Geometry */ = {
			isa = PBXGroup;
			children = (
				309C236D2A5226B500BA7B73 /* Geometry.h */,
				302D6BC32A6875AB006D62A7 /* Geometry.metal */,
				309C237A2A5229FE00BA7B73 /* Geometry.swift */,
			);
			path = Geometry;
			sourceTree = "<group>";
		};
		30A410482A52394500C03BBD /* Helpers */ = {
			isa = PBXGroup;
			children = (
				3045ED3D2BAFD541005FE34D /* PhotoEncoder.swift */,
				305807342ACC684D0079B6F4 /* EncodableConformances.swift */,
				3096F0D42B4480D200BECC2D /* VoidBufferWrapper.swift */,
				30370E762AE0B3CC00C56C8F /* Frame.swift */,
				304892622ADF713100938177 /* ThreadManager.swift */,
				30FA51A62ADA4D0200E365A4 /* RayRasterShader.swift */,
			);
			path = Helpers;
			sourceTree = "<group>";
		};
		30BE15B62B62DB26001870BA /* PathEms */ = {
			isa = PBXGroup;
			children = (
				30BE15B72B62DB30001870BA /* PathEms.swift */,
				30BE15B92B62DB82001870BA /* pathEms.metal */,
			);
			path = PathEms;
			sourceTree = "<group>";
		};
		30D8E24E2B4BDE510037670A /* TestSampling */ = {
			isa = PBXGroup;
			children = (
				30D8E24F2B4BDE620037670A /* TestSampling.swift */,
				30D8E2512B4BDEBD0037670A /* TestSampling.metal */,
			);
			path = TestSampling;
			sourceTree = "<group>";
		};
		30E167ED2BA545F5003FD9D6 /* Physics */ = {
			isa = PBXGroup;
			children = (
				30E167EE2BA545FE003FD9D6 /* FluidSimulations */,
			);
			path = Physics;
			sourceTree = "<group>";
		};
		30E167EE2BA545FE003FD9D6 /* FluidSimulations */ = {
			isa = PBXGroup;
			children = (
				30E167EF2BA54604003FD9D6 /* 2D */,
			);
			path = FluidSimulations;
			sourceTree = "<group>";
		};
		30E167EF2BA54604003FD9D6 /* 2D */ = {
			isa = PBXGroup;
			children = (
				30E167F02BA5460C003FD9D6 /* 2DSim.swift */,
				30E167F32BA54835003FD9D6 /* 2DSim.metal */,
				30E167F22BA54692003FD9D6 /* Fluid2D.h */,
			);
			path = 2D;
			sourceTree = "<group>";
		};
		30FA51A12ADA484400E365A4 /* Intersector */ = {
			isa = PBXGroup;
			children = (
				30FA51A22ADA485400E365A4 /* SequenceIntersector.swift */,
				30FA51A42ADA492200E365A4 /* PassIntersector.swift */,
			);
			path = Intersector;
			sourceTree = "<group>";
		};
		30FA51AD2ADA539C00E365A4 /* Testing */ = {
			isa = PBXGroup;
			children = (
				30D8E24E2B4BDE510037670A /* TestSampling */,
				3096F0CF2B4428C700BECC2D /* VoidBuffer */,
				30370E782AE0C1D200C56C8F /* TestIntersectFunction */,
				301B37572ADDD241003EE9FC /* PathTracing */,
				30FA51B92ADB4D6700E365A4 /* RayTracer */,
				30FA51B62ADB4ACA00E365A4 /* DirectionalTest */,
			);
			path = Testing;
			sourceTree = "<group>";
		};
		30FA51B32ADB469400E365A4 /* Exposables */ = {
			isa = PBXGroup;
			children = (
				30FA51B42ADB46A000E365A4 /* Color.swift */,
			);
			path = Exposables;
			sourceTree = "<group>";
		};
		30FA51B62ADB4ACA00E365A4 /* DirectionalTest */ = {
			isa = PBXGroup;
			children = (
				30FA51B72ADB4B4A00E365A4 /* DirectionalTestingView.swift */,
				30FA51AE2ADA53A300E365A4 /* DirectionalTesting.swift */,
				30FA51AA2ADA515900E365A4 /* DirectionalTesting.metal */,
			);
			path = DirectionalTest;
			sourceTree = "<group>";
		};
		30FA51B92ADB4D6700E365A4 /* RayTracer */ = {
			isa = PBXGroup;
			children = (
				30FA51BB2ADB4D8400E365A4 /* RayTracerView.swift */,
				30FA51C12ADB510500E365A4 /* RayTracerScene.swift */,
				30FA51BD2ADB4DDB00E365A4 /* RayTracer.swift */,
				30FA51BF2ADB4EB400E365A4 /* RayTracing.metal */,
			);
			path = RayTracer;
			sourceTree = "<group>";
		};
		30FE256C2B414BFC005E3389 /* Shading */ = {
			isa = PBXGroup;
			children = (
				30FE256D2B414C0E005E3389 /* ShaderBuilder.swift */,
				303547A22B7D16E3002E6C6B /* Struct.swift */,
				30A786FE2B41753F008D4EBF /* BasicTypes.swift */,
				30A787002B417575008D4EBF /* VectorTypes.swift */,
				30A787022B41758A008D4EBF /* Binops.swift */,
				303547A02B7D16A4002E6C6B /* ShaderCompiler.swift */,
			);
			path = Shading;
			sourceTree = "<group>";
		};
/* End PBXGroup section */

/* Begin PBXNativeTarget section */
		309C23352A52253100BA7B73 /* MetalHaven */ = {
			isa = PBXNativeTarget;
			buildConfigurationList = 309C235B2A52253300BA7B73 /* Build configuration list for PBXNativeTarget "MetalHaven" */;
			buildPhases = (
				309C23322A52253100BA7B73 /* Sources */,
				309C23332A52253100BA7B73 /* Frameworks */,
				309C23342A52253100BA7B73 /* Resources */,
			);
			buildRules = (
			);
			dependencies = (
			);
			name = MetalHaven;
			packageProductDependencies = (
				309C23652A52254100BA7B73 /* MetalAbstract */,
				309C23682A52254D00BA7B73 /* Exposables */,
				303736792B418716003214A0 /* MetalBridge */,
			);
			productName = MetalHaven;
			productReference = 309C23362A52253100BA7B73 /* MetalHaven.app */;
			productType = "com.apple.product-type.application";
		};
		309C23462A52253300BA7B73 /* MetalHavenTests */ = {
			isa = PBXNativeTarget;
			buildConfigurationList = 309C235E2A52253300BA7B73 /* Build configuration list for PBXNativeTarget "MetalHavenTests" */;
			buildPhases = (
				309C23432A52253300BA7B73 /* Sources */,
				309C23442A52253300BA7B73 /* Frameworks */,
				309C23452A52253300BA7B73 /* Resources */,
			);
			buildRules = (
			);
			dependencies = (
				309C23492A52253300BA7B73 /* PBXTargetDependency */,
			);
			name = MetalHavenTests;
			productName = MetalHavenTests;
			productReference = 309C23472A52253300BA7B73 /* MetalHavenTests.xctest */;
			productType = "com.apple.product-type.bundle.unit-test";
		};
		309C23502A52253300BA7B73 /* MetalHavenUITests */ = {
			isa = PBXNativeTarget;
			buildConfigurationList = 309C23612A52253300BA7B73 /* Build configuration list for PBXNativeTarget "MetalHavenUITests" */;
			buildPhases = (
				309C234D2A52253300BA7B73 /* Sources */,
				309C234E2A52253300BA7B73 /* Frameworks */,
				309C234F2A52253300BA7B73 /* Resources */,
			);
			buildRules = (
			);
			dependencies = (
				309C23532A52253300BA7B73 /* PBXTargetDependency */,
			);
			name = MetalHavenUITests;
			productName = MetalHavenUITests;
			productReference = 309C23512A52253300BA7B73 /* MetalHavenUITests.xctest */;
			productType = "com.apple.product-type.bundle.ui-testing";
		};
/* End PBXNativeTarget section */

/* Begin PBXProject section */
		309C232E2A52253100BA7B73 /* Project object */ = {
			isa = PBXProject;
			attributes = {
				BuildIndependentTargetsInParallel = 1;
				LastSwiftUpdateCheck = 1420;
				LastUpgradeCheck = 1420;
				TargetAttributes = {
					309C23352A52253100BA7B73 = {
						CreatedOnToolsVersion = 14.2;
						LastSwiftMigration = 1420;
					};
					309C23462A52253300BA7B73 = {
						CreatedOnToolsVersion = 14.2;
						TestTargetID = 309C23352A52253100BA7B73;
					};
					309C23502A52253300BA7B73 = {
						CreatedOnToolsVersion = 14.2;
						TestTargetID = 309C23352A52253100BA7B73;
					};
				};
			};
			buildConfigurationList = 309C23312A52253100BA7B73 /* Build configuration list for PBXProject "MetalHaven" */;
			compatibilityVersion = "Xcode 14.0";
			developmentRegion = en;
			hasScannedForEncodings = 0;
			knownRegions = (
				en,
				Base,
			);
			mainGroup = 309C232D2A52253100BA7B73;
			packageReferences = (
				309C23642A52254100BA7B73 /* XCRemoteSwiftPackageReference "MetalAbstract" */,
				309C23672A52254D00BA7B73 /* XCRemoteSwiftPackageReference "Exposables" */,
			);
			productRefGroup = 309C23372A52253100BA7B73 /* Products */;
			projectDirPath = "";
			projectRoot = "";
			targets = (
				309C23352A52253100BA7B73 /* MetalHaven */,
				309C23462A52253300BA7B73 /* MetalHavenTests */,
				309C23502A52253300BA7B73 /* MetalHavenUITests */,
			);
		};
/* End PBXProject section */

/* Begin PBXResourcesBuildPhase section */
		309C23342A52253100BA7B73 /* Resources */ = {
			isa = PBXResourcesBuildPhase;
			buildActionMask = 2147483647;
			files = (
				309C23412A52253200BA7B73 /* Preview Assets.xcassets in Resources */,
				309C233E2A52253200BA7B73 /* Assets.xcassets in Resources */,
			);
			runOnlyForDeploymentPostprocessing = 0;
		};
		309C23452A52253300BA7B73 /* Resources */ = {
			isa = PBXResourcesBuildPhase;
			buildActionMask = 2147483647;
			files = (
			);
			runOnlyForDeploymentPostprocessing = 0;
		};
		309C234F2A52253300BA7B73 /* Resources */ = {
			isa = PBXResourcesBuildPhase;
			buildActionMask = 2147483647;
			files = (
			);
			runOnlyForDeploymentPostprocessing = 0;
		};
/* End PBXResourcesBuildPhase section */

/* Begin PBXSourcesBuildPhase section */
		309C23322A52253100BA7B73 /* Sources */ = {
			isa = PBXSourcesBuildPhase;
			buildActionMask = 2147483647;
			files = (
				30BE15B82B62DB30001870BA /* PathEms.swift in Sources */,
				309C23792A52294B00BA7B73 /* GeometryScene.swift in Sources */,
				306912172B5162C900D1EA58 /* Tracing.metal in Sources */,
				303547A12B7D16A4002E6C6B /* ShaderCompiler.swift in Sources */,
				3058072F2ACC65BF0079B6F4 /* Intersection.c in Sources */,
				300893B72A93F97600176899 /* Material.swift in Sources */,
				300893BA2A93FA8500176899 /* Diffuse.swift in Sources */,
				30370E7C2AE0C1F000C56C8F /* TestIntersections.metal in Sources */,
				30F711E22BA8FEEA0043E15B /* Tracing.swift in Sources */,
				309201CA2B54B80E0099D34F /* PathMis.metal in Sources */,
				306E147E2B5D9CEF002F6063 /* Bidirectional.swift in Sources */,
				30370E772AE0B3CC00C56C8F /* Frame.swift in Sources */,
				30BE15BA2B62DB82001870BA /* pathEms.metal in Sources */,
				305807372ACC72ED0079B6F4 /* VideoScene.swift in Sources */,
				300893BF2A93FB5A00176899 /* Warp.swift in Sources */,
				30FA51AF2ADA53A300E365A4 /* DirectionalTesting.swift in Sources */,
				30FA51C02ADB4EB400E365A4 /* RayTracing.metal in Sources */,
				302D6BC12A687406006D62A7 /* Ray.metal in Sources */,
				30861B4D2B8BE4600070831F /* PEms.metal in Sources */,
				305807272ACC65220079B6F4 /* Integrator.swift in Sources */,
				30FA51A32ADA485400E365A4 /* SequenceIntersector.swift in Sources */,
				301B375C2ADDD436003EE9FC /* PathMats.swift in Sources */,
				30E167F12BA5460C003FD9D6 /* 2DSim.swift in Sources */,
				3045ED422BAFD78C005FE34D /* VisualizeNormals.metal in Sources */,
				30D8E2522B4BDEBD0037670A /* TestSampling.metal in Sources */,
				30FE256E2B414C0E005E3389 /* ShaderBuilder.swift in Sources */,
				301B375E2ADDD5B2003EE9FC /* PathMats.metal in Sources */,
				30FA51A92ADA505300E365A4 /* Intersect.metal in Sources */,
				30370E7F2AE0D13100C56C8F /* BoxScene.swift in Sources */,
				3045ED3C2BAFAFFA005FE34D /* LiveBidir.swift in Sources */,
				30F711DE2BA8C4D50043E15B /* Lighting.c in Sources */,
				303547A72B7D195F002E6C6B /* Grapher.swift in Sources */,
				308BEEE12B7D3024003952ED /* Grapher.metal in Sources */,
				3058072D2ACC65B10079B6F4 /* Ray.c in Sources */,
				306474CD2B7C21A9002E3DFA /* PathMatsSingle.metal in Sources */,
				30FA51B82ADB4B4A00E365A4 /* DirectionalTestingView.swift in Sources */,
				30861B4B2B8BE4530070831F /* PEms.swift in Sources */,
				30BC520B2BA243A60011D2E8 /* MPSIntersector.swift in Sources */,
				30FA51C22ADB510500E365A4 /* RayTracerScene.swift in Sources */,
				30FA51A52ADA492200E365A4 /* PassIntersector.swift in Sources */,
				309C233C2A52253100BA7B73 /* ContentView.swift in Sources */,
				30BC520D2BA244060011D2E8 /* TriangleIntersection.metal in Sources */,
				304892632ADF713100938177 /* ThreadManager.swift in Sources */,
				30E167F42BA54835003FD9D6 /* 2DSim.metal in Sources */,
				30D8E2592B4BE5690037670A /* CPUSampling.c in Sources */,
				30BC520F2BA2515F0011D2E8 /* Bidir.metal in Sources */,
				30FA51BE2ADB4DDB00E365A4 /* RayTracer.swift in Sources */,
				30861B492B8BDC860070831F /* PMats.metal in Sources */,
				306474CB2B7C2180002E3DFA /* PathMatsSingle.swift in Sources */,
				306E14802B5D9D82002F6063 /* Bidirectional.metal in Sources */,
				3069121C2B5289A900D1EA58 /* DirectEms.metal in Sources */,
				30600D9E2BAA49C100F111A7 /* HybridMLT.swift in Sources */,
				30FA51A72ADA4D0200E365A4 /* RayRasterShader.swift in Sources */,
				30F711DC2BA8C42A0043E15B /* HybridBidir.swift in Sources */,
				30A787032B41758A008D4EBF /* Binops.swift in Sources */,
				301B375A2ADDD25D003EE9FC /* PathTracingView.swift in Sources */,
				3096F0D52B4480D200BECC2D /* VoidBufferWrapper.swift in Sources */,
				30861B472B8BDC7B0070831F /* PMats.swift in Sources */,
				302D6BC62A6884AC006D62A7 /* Camera.swift in Sources */,
				30AC515D2BAB527000AA195D /* Metropolis.swift in Sources */,
				30172EB32B9BA0F700833A4F /* Bidir.swift in Sources */,
				305807352ACC684D0079B6F4 /* EncodableConformances.swift in Sources */,
				306912202B533A3200D1EA58 /* LightingSampler.swift in Sources */,
				303960262B86DC19003543FA /* PMis.metal in Sources */,
				30FA51BC2ADB4D8400E365A4 /* RayTracerView.swift in Sources */,
				30336BD32BACCFF50010B395 /* LiveHybridMLT.swift in Sources */,
				30D8E25B2B4BE6180037670A /* MetalSampling.metal in Sources */,
				30FA51AB2ADA515900E365A4 /* DirectionalTesting.metal in Sources */,
				308BEEDF2B7D2CFF003952ED /* Parsing.swift in Sources */,
				30FA51B52ADB46A000E365A4 /* Color.swift in Sources */,
				3096F0D12B4428E100BECC2D /* RawBufferTest.swift in Sources */,
				30A787012B417575008D4EBF /* VectorTypes.swift in Sources */,
				3069121A2B516E9B00D1EA58 /* DirectEms.swift in Sources */,
				30D8E24D2B4BD5660037670A /* Sampling.c in Sources */,
				300893BC2A93FB1A00176899 /* Sampler.swift in Sources */,
				303960242B86DBC8003543FA /* PMis.swift in Sources */,
				3096F0D32B442CA200BECC2D /* RawBufferTest.metal in Sources */,
				3045ED3A2BAFA052005FE34D /* Accel.metal in Sources */,
				303547A32B7D16E3002E6C6B /* Struct.swift in Sources */,
				30D8E2502B4BDE620037670A /* TestSampling.swift in Sources */,
				30600D982BA90DAC00F111A7 /* HybridBidir.metal in Sources */,
				30AC515F2BAB63E100AA195D /* Metropolis.metal in Sources */,
				309C233A2A52253100BA7B73 /* MetalHavenApp.swift in Sources */,
				30A786FF2B41753F008D4EBF /* BasicTypes.swift in Sources */,
				309201C82B54B72C0099D34F /* PathMis.swift in Sources */,
				30600DA12BAA50CB00F111A7 /* Material.c in Sources */,
				3045ED402BAFD782005FE34D /* VisualizeNormals.swift in Sources */,
				30705D332B4FC9E500F1604B /* Lighting.metal in Sources */,
				306912152B51627600D1EA58 /* Tracing.c in Sources */,
				309C237B2A5229FE00BA7B73 /* Geometry.swift in Sources */,
				30370E7A2AE0C1E200C56C8F /* TestIntersections.swift in Sources */,
				30FA51B12ADA557200E365A4 /* RendererHelpers.metal in Sources */,
				305807332ACC67F80079B6F4 /* RendererManager.swift in Sources */,
				302D6BC42A6875AB006D62A7 /* Geometry.metal in Sources */,
				3045ED3E2BAFD541005FE34D /* PhotoEncoder.swift in Sources */,
			);
			runOnlyForDeploymentPostprocessing = 0;
		};
		309C23432A52253300BA7B73 /* Sources */ = {
			isa = PBXSourcesBuildPhase;
			buildActionMask = 2147483647;
			files = (
				309C234C2A52253300BA7B73 /* MetalHavenTests.swift in Sources */,
			);
			runOnlyForDeploymentPostprocessing = 0;
		};
		309C234D2A52253300BA7B73 /* Sources */ = {
			isa = PBXSourcesBuildPhase;
			buildActionMask = 2147483647;
			files = (
				309C23562A52253300BA7B73 /* MetalHavenUITests.swift in Sources */,
				309C23582A52253300BA7B73 /* MetalHavenUITestsLaunchTests.swift in Sources */,
			);
			runOnlyForDeploymentPostprocessing = 0;
		};
/* End PBXSourcesBuildPhase section */

/* Begin PBXTargetDependency section */
		309C23492A52253300BA7B73 /* PBXTargetDependency */ = {
			isa = PBXTargetDependency;
			target = 309C23352A52253100BA7B73 /* MetalHaven */;
			targetProxy = 309C23482A52253300BA7B73 /* PBXContainerItemProxy */;
		};
		309C23532A52253300BA7B73 /* PBXTargetDependency */ = {
			isa = PBXTargetDependency;
			target = 309C23352A52253100BA7B73 /* MetalHaven */;
			targetProxy = 309C23522A52253300BA7B73 /* PBXContainerItemProxy */;
		};
/* End PBXTargetDependency section */

/* Begin XCBuildConfiguration section */
		309C23592A52253300BA7B73 /* Debug */ = {
			isa = XCBuildConfiguration;
			buildSettings = {
				ALWAYS_SEARCH_USER_PATHS = NO;
				CLANG_ANALYZER_NONNULL = YES;
				CLANG_ANALYZER_NUMBER_OBJECT_CONVERSION = YES_AGGRESSIVE;
				CLANG_CXX_LANGUAGE_STANDARD = "gnu++20";
				CLANG_ENABLE_MODULES = YES;
				CLANG_ENABLE_OBJC_ARC = YES;
				CLANG_ENABLE_OBJC_WEAK = YES;
				CLANG_WARN_BLOCK_CAPTURE_AUTORELEASING = YES;
				CLANG_WARN_BOOL_CONVERSION = YES;
				CLANG_WARN_COMMA = YES;
				CLANG_WARN_CONSTANT_CONVERSION = YES;
				CLANG_WARN_DEPRECATED_OBJC_IMPLEMENTATIONS = YES;
				CLANG_WARN_DIRECT_OBJC_ISA_USAGE = YES_ERROR;
				CLANG_WARN_DOCUMENTATION_COMMENTS = YES;
				CLANG_WARN_EMPTY_BODY = YES;
				CLANG_WARN_ENUM_CONVERSION = YES;
				CLANG_WARN_INFINITE_RECURSION = YES;
				CLANG_WARN_INT_CONVERSION = YES;
				CLANG_WARN_NON_LITERAL_NULL_CONVERSION = YES;
				CLANG_WARN_OBJC_IMPLICIT_RETAIN_SELF = YES;
				CLANG_WARN_OBJC_LITERAL_CONVERSION = YES;
				CLANG_WARN_OBJC_ROOT_CLASS = YES_ERROR;
				CLANG_WARN_QUOTED_INCLUDE_IN_FRAMEWORK_HEADER = YES;
				CLANG_WARN_RANGE_LOOP_ANALYSIS = YES;
				CLANG_WARN_STRICT_PROTOTYPES = YES;
				CLANG_WARN_SUSPICIOUS_MOVE = YES;
				CLANG_WARN_UNGUARDED_AVAILABILITY = YES_AGGRESSIVE;
				CLANG_WARN_UNREACHABLE_CODE = YES;
				CLANG_WARN__DUPLICATE_METHOD_MATCH = YES;
				COPY_PHASE_STRIP = NO;
				DEBUG_INFORMATION_FORMAT = dwarf;
				ENABLE_STRICT_OBJC_MSGSEND = YES;
				ENABLE_TESTABILITY = YES;
				GCC_C_LANGUAGE_STANDARD = gnu11;
				GCC_DYNAMIC_NO_PIC = NO;
				GCC_NO_COMMON_BLOCKS = YES;
				GCC_OPTIMIZATION_LEVEL = 0;
				GCC_PREPROCESSOR_DEFINITIONS = (
					"DEBUG=1",
					"$(inherited)",
				);
				GCC_WARN_64_TO_32_BIT_CONVERSION = YES;
				GCC_WARN_ABOUT_RETURN_TYPE = YES_ERROR;
				GCC_WARN_UNDECLARED_SELECTOR = YES;
				GCC_WARN_UNINITIALIZED_AUTOS = YES_AGGRESSIVE;
				GCC_WARN_UNUSED_FUNCTION = YES;
				GCC_WARN_UNUSED_VARIABLE = YES;
				MACOSX_DEPLOYMENT_TARGET = 12.6;
				MTL_ENABLE_DEBUG_INFO = INCLUDE_SOURCE;
				MTL_FAST_MATH = YES;
				ONLY_ACTIVE_ARCH = YES;
				SDKROOT = macosx;
				SWIFT_ACTIVE_COMPILATION_CONDITIONS = DEBUG;
				SWIFT_OPTIMIZATION_LEVEL = "-Onone";
			};
			name = Debug;
		};
		309C235A2A52253300BA7B73 /* Release */ = {
			isa = XCBuildConfiguration;
			buildSettings = {
				ALWAYS_SEARCH_USER_PATHS = NO;
				CLANG_ANALYZER_NONNULL = YES;
				CLANG_ANALYZER_NUMBER_OBJECT_CONVERSION = YES_AGGRESSIVE;
				CLANG_CXX_LANGUAGE_STANDARD = "gnu++20";
				CLANG_ENABLE_MODULES = YES;
				CLANG_ENABLE_OBJC_ARC = YES;
				CLANG_ENABLE_OBJC_WEAK = YES;
				CLANG_WARN_BLOCK_CAPTURE_AUTORELEASING = YES;
				CLANG_WARN_BOOL_CONVERSION = YES;
				CLANG_WARN_COMMA = YES;
				CLANG_WARN_CONSTANT_CONVERSION = YES;
				CLANG_WARN_DEPRECATED_OBJC_IMPLEMENTATIONS = YES;
				CLANG_WARN_DIRECT_OBJC_ISA_USAGE = YES_ERROR;
				CLANG_WARN_DOCUMENTATION_COMMENTS = YES;
				CLANG_WARN_EMPTY_BODY = YES;
				CLANG_WARN_ENUM_CONVERSION = YES;
				CLANG_WARN_INFINITE_RECURSION = YES;
				CLANG_WARN_INT_CONVERSION = YES;
				CLANG_WARN_NON_LITERAL_NULL_CONVERSION = YES;
				CLANG_WARN_OBJC_IMPLICIT_RETAIN_SELF = YES;
				CLANG_WARN_OBJC_LITERAL_CONVERSION = YES;
				CLANG_WARN_OBJC_ROOT_CLASS = YES_ERROR;
				CLANG_WARN_QUOTED_INCLUDE_IN_FRAMEWORK_HEADER = YES;
				CLANG_WARN_RANGE_LOOP_ANALYSIS = YES;
				CLANG_WARN_STRICT_PROTOTYPES = YES;
				CLANG_WARN_SUSPICIOUS_MOVE = YES;
				CLANG_WARN_UNGUARDED_AVAILABILITY = YES_AGGRESSIVE;
				CLANG_WARN_UNREACHABLE_CODE = YES;
				CLANG_WARN__DUPLICATE_METHOD_MATCH = YES;
				COPY_PHASE_STRIP = NO;
				DEBUG_INFORMATION_FORMAT = "dwarf-with-dsym";
				ENABLE_NS_ASSERTIONS = NO;
				ENABLE_STRICT_OBJC_MSGSEND = YES;
				GCC_C_LANGUAGE_STANDARD = gnu11;
				GCC_NO_COMMON_BLOCKS = YES;
				GCC_WARN_64_TO_32_BIT_CONVERSION = YES;
				GCC_WARN_ABOUT_RETURN_TYPE = YES_ERROR;
				GCC_WARN_UNDECLARED_SELECTOR = YES;
				GCC_WARN_UNINITIALIZED_AUTOS = YES_AGGRESSIVE;
				GCC_WARN_UNUSED_FUNCTION = YES;
				GCC_WARN_UNUSED_VARIABLE = YES;
				MACOSX_DEPLOYMENT_TARGET = 12.6;
				MTL_ENABLE_DEBUG_INFO = NO;
				MTL_FAST_MATH = YES;
				SDKROOT = macosx;
				SWIFT_COMPILATION_MODE = wholemodule;
				SWIFT_OPTIMIZATION_LEVEL = "-O";
			};
			name = Release;
		};
		309C235C2A52253300BA7B73 /* Debug */ = {
			isa = XCBuildConfiguration;
			buildSettings = {
				ASSETCATALOG_COMPILER_APPICON_NAME = AppIcon;
				ASSETCATALOG_COMPILER_GLOBAL_ACCENT_COLOR_NAME = AccentColor;
				CLANG_ENABLE_MODULES = YES;
				CODE_SIGN_ENTITLEMENTS = MetalHaven/MetalHaven.entitlements;
				"CODE_SIGN_IDENTITY[sdk=macosx*]" = "Apple Development";
				CODE_SIGN_STYLE = Automatic;
				COMBINE_HIDPI_IMAGES = YES;
				CURRENT_PROJECT_VERSION = 1;
				DEVELOPMENT_ASSET_PATHS = "\"MetalHaven/Preview Content\"";
				DEVELOPMENT_TEAM = 597PF7552F;
				ENABLE_HARDENED_RUNTIME = YES;
				ENABLE_PREVIEWS = YES;
				GENERATE_INFOPLIST_FILE = YES;
				INFOPLIST_KEY_NSHumanReadableCopyright = "";
				LD_RUNPATH_SEARCH_PATHS = (
					"$(inherited)",
					"@executable_path/../Frameworks",
				);
				MACOSX_DEPLOYMENT_TARGET = 14.0;
				MARKETING_VERSION = 1.0;
				PRODUCT_BUNDLE_IDENTIFIER = kelkamonStudios.MetalHaven;
				PRODUCT_NAME = "$(TARGET_NAME)";
				SWIFT_EMIT_LOC_STRINGS = YES;
				SWIFT_OBJC_BRIDGING_HEADER = MetalHaven/Bridge.h;
				SWIFT_OBJC_INTEROP_MODE = objc;
				SWIFT_OPTIMIZATION_LEVEL = "-Onone";
				SWIFT_VERSION = 5.0;
			};
			name = Debug;
		};
		309C235D2A52253300BA7B73 /* Release */ = {
			isa = XCBuildConfiguration;
			buildSettings = {
				ASSETCATALOG_COMPILER_APPICON_NAME = AppIcon;
				ASSETCATALOG_COMPILER_GLOBAL_ACCENT_COLOR_NAME = AccentColor;
				CLANG_ENABLE_MODULES = YES;
				CODE_SIGN_ENTITLEMENTS = MetalHaven/MetalHaven.entitlements;
				"CODE_SIGN_IDENTITY[sdk=macosx*]" = "Apple Development";
				CODE_SIGN_STYLE = Automatic;
				COMBINE_HIDPI_IMAGES = YES;
				CURRENT_PROJECT_VERSION = 1;
				DEVELOPMENT_ASSET_PATHS = "\"MetalHaven/Preview Content\"";
				DEVELOPMENT_TEAM = 597PF7552F;
				ENABLE_HARDENED_RUNTIME = YES;
				ENABLE_PREVIEWS = YES;
				GENERATE_INFOPLIST_FILE = YES;
				INFOPLIST_KEY_NSHumanReadableCopyright = "";
				LD_RUNPATH_SEARCH_PATHS = (
					"$(inherited)",
					"@executable_path/../Frameworks",
				);
				MACOSX_DEPLOYMENT_TARGET = 14.0;
				MARKETING_VERSION = 1.0;
				PRODUCT_BUNDLE_IDENTIFIER = kelkamonStudios.MetalHaven;
				PRODUCT_NAME = "$(TARGET_NAME)";
				SWIFT_EMIT_LOC_STRINGS = YES;
				SWIFT_OBJC_BRIDGING_HEADER = MetalHaven/Bridge.h;
				SWIFT_OBJC_INTEROP_MODE = objc;
				SWIFT_VERSION = 5.0;
			};
			name = Release;
		};
		309C235F2A52253300BA7B73 /* Debug */ = {
			isa = XCBuildConfiguration;
			buildSettings = {
				ALWAYS_EMBED_SWIFT_STANDARD_LIBRARIES = YES;
				BUNDLE_LOADER = "$(TEST_HOST)";
				CODE_SIGN_STYLE = Automatic;
				CURRENT_PROJECT_VERSION = 1;
				DEVELOPMENT_TEAM = 597PF7552F;
				GENERATE_INFOPLIST_FILE = YES;
				MACOSX_DEPLOYMENT_TARGET = 12.6;
				MARKETING_VERSION = 1.0;
				PRODUCT_BUNDLE_IDENTIFIER = kelkamonStudios.MetalHavenTests;
				PRODUCT_NAME = "$(TARGET_NAME)";
				SWIFT_EMIT_LOC_STRINGS = NO;
				SWIFT_VERSION = 5.0;
				TEST_HOST = "$(BUILT_PRODUCTS_DIR)/MetalHaven.app/$(BUNDLE_EXECUTABLE_FOLDER_PATH)/MetalHaven";
			};
			name = Debug;
		};
		309C23602A52253300BA7B73 /* Release */ = {
			isa = XCBuildConfiguration;
			buildSettings = {
				ALWAYS_EMBED_SWIFT_STANDARD_LIBRARIES = YES;
				BUNDLE_LOADER = "$(TEST_HOST)";
				CODE_SIGN_STYLE = Automatic;
				CURRENT_PROJECT_VERSION = 1;
				DEVELOPMENT_TEAM = 597PF7552F;
				GENERATE_INFOPLIST_FILE = YES;
				MACOSX_DEPLOYMENT_TARGET = 12.6;
				MARKETING_VERSION = 1.0;
				PRODUCT_BUNDLE_IDENTIFIER = kelkamonStudios.MetalHavenTests;
				PRODUCT_NAME = "$(TARGET_NAME)";
				SWIFT_EMIT_LOC_STRINGS = NO;
				SWIFT_VERSION = 5.0;
				TEST_HOST = "$(BUILT_PRODUCTS_DIR)/MetalHaven.app/$(BUNDLE_EXECUTABLE_FOLDER_PATH)/MetalHaven";
			};
			name = Release;
		};
		309C23622A52253300BA7B73 /* Debug */ = {
			isa = XCBuildConfiguration;
			buildSettings = {
				ALWAYS_EMBED_SWIFT_STANDARD_LIBRARIES = YES;
				CODE_SIGN_STYLE = Automatic;
				CURRENT_PROJECT_VERSION = 1;
				DEVELOPMENT_TEAM = 597PF7552F;
				GENERATE_INFOPLIST_FILE = YES;
				MARKETING_VERSION = 1.0;
				PRODUCT_BUNDLE_IDENTIFIER = kelkamonStudios.MetalHavenUITests;
				PRODUCT_NAME = "$(TARGET_NAME)";
				SWIFT_EMIT_LOC_STRINGS = NO;
				SWIFT_VERSION = 5.0;
				TEST_TARGET_NAME = MetalHaven;
			};
			name = Debug;
		};
		309C23632A52253300BA7B73 /* Release */ = {
			isa = XCBuildConfiguration;
			buildSettings = {
				ALWAYS_EMBED_SWIFT_STANDARD_LIBRARIES = YES;
				CODE_SIGN_STYLE = Automatic;
				CURRENT_PROJECT_VERSION = 1;
				DEVELOPMENT_TEAM = 597PF7552F;
				GENERATE_INFOPLIST_FILE = YES;
				MARKETING_VERSION = 1.0;
				PRODUCT_BUNDLE_IDENTIFIER = kelkamonStudios.MetalHavenUITests;
				PRODUCT_NAME = "$(TARGET_NAME)";
				SWIFT_EMIT_LOC_STRINGS = NO;
				SWIFT_VERSION = 5.0;
				TEST_TARGET_NAME = MetalHaven;
			};
			name = Release;
		};
/* End XCBuildConfiguration section */

/* Begin XCConfigurationList section */
		309C23312A52253100BA7B73 /* Build configuration list for PBXProject "MetalHaven" */ = {
			isa = XCConfigurationList;
			buildConfigurations = (
				309C23592A52253300BA7B73 /* Debug */,
				309C235A2A52253300BA7B73 /* Release */,
			);
			defaultConfigurationIsVisible = 0;
			defaultConfigurationName = Release;
		};
		309C235B2A52253300BA7B73 /* Build configuration list for PBXNativeTarget "MetalHaven" */ = {
			isa = XCConfigurationList;
			buildConfigurations = (
				309C235C2A52253300BA7B73 /* Debug */,
				309C235D2A52253300BA7B73 /* Release */,
			);
			defaultConfigurationIsVisible = 0;
			defaultConfigurationName = Release;
		};
		309C235E2A52253300BA7B73 /* Build configuration list for PBXNativeTarget "MetalHavenTests" */ = {
			isa = XCConfigurationList;
			buildConfigurations = (
				309C235F2A52253300BA7B73 /* Debug */,
				309C23602A52253300BA7B73 /* Release */,
			);
			defaultConfigurationIsVisible = 0;
			defaultConfigurationName = Release;
		};
		309C23612A52253300BA7B73 /* Build configuration list for PBXNativeTarget "MetalHavenUITests" */ = {
			isa = XCConfigurationList;
			buildConfigurations = (
				309C23622A52253300BA7B73 /* Debug */,
				309C23632A52253300BA7B73 /* Release */,
			);
			defaultConfigurationIsVisible = 0;
			defaultConfigurationName = Release;
		};
/* End XCConfigurationList section */

/* Begin XCRemoteSwiftPackageReference section */
		309C23642A52254100BA7B73 /* XCRemoteSwiftPackageReference "MetalAbstract" */ = {
			isa = XCRemoteSwiftPackageReference;
			repositoryURL = "https://github.com/Npikielny/MetalAbstract.git";
			requirement = {
				branch = main;
				kind = branch;
			};
		};
		309C23672A52254D00BA7B73 /* XCRemoteSwiftPackageReference "Exposables" */ = {
			isa = XCRemoteSwiftPackageReference;
			repositoryURL = "https://github.com/Npikielny/Exposables.git";
			requirement = {
				branch = main;
				kind = branch;
			};
		};
/* End XCRemoteSwiftPackageReference section */

/* Begin XCSwiftPackageProductDependency section */
		303736792B418716003214A0 /* MetalBridge */ = {
			isa = XCSwiftPackageProductDependency;
			productName = MetalBridge;
		};
		309C23652A52254100BA7B73 /* MetalAbstract */ = {
			isa = XCSwiftPackageProductDependency;
			package = 309C23642A52254100BA7B73 /* XCRemoteSwiftPackageReference "MetalAbstract" */;
			productName = MetalAbstract;
		};
		309C23682A52254D00BA7B73 /* Exposables */ = {
			isa = XCSwiftPackageProductDependency;
			package = 309C23672A52254D00BA7B73 /* XCRemoteSwiftPackageReference "Exposables" */;
			productName = Exposables;
		};
/* End XCSwiftPackageProductDependency section */
	};
	rootObject = 309C232E2A52253100BA7B73 /* Project object */;
}
