// !$*UTF8*$!
{
	archiveVersion = 1;
	classes = {
	};
	objectVersion = 56;
	objects = {

/* Begin PBXBuildFile section */
		309C233A2A52253100BA7B73 /* MetalHavenApp.swift in Sources */ = {isa = PBXBuildFile; fileRef = 309C23392A52253100BA7B73 /* MetalHavenApp.swift */; };
		309C233C2A52253100BA7B73 /* ContentView.swift in Sources */ = {isa = PBXBuildFile; fileRef = 309C233B2A52253100BA7B73 /* ContentView.swift */; };
		309C233E2A52253200BA7B73 /* Assets.xcassets in Resources */ = {isa = PBXBuildFile; fileRef = 309C233D2A52253200BA7B73 /* Assets.xcassets */; };
		309C23412A52253200BA7B73 /* Preview Assets.xcassets in Resources */ = {isa = PBXBuildFile; fileRef = 309C23402A52253200BA7B73 /* Preview Assets.xcassets */; };
		309C234C2A52253300BA7B73 /* MetalHavenTests.swift in Sources */ = {isa = PBXBuildFile; fileRef = 309C234B2A52253300BA7B73 /* MetalHavenTests.swift */; };
		309C23562A52253300BA7B73 /* MetalHavenUITests.swift in Sources */ = {isa = PBXBuildFile; fileRef = 309C23552A52253300BA7B73 /* MetalHavenUITests.swift */; };
		309C23582A52253300BA7B73 /* MetalHavenUITestsLaunchTests.swift in Sources */ = {isa = PBXBuildFile; fileRef = 309C23572A52253300BA7B73 /* MetalHavenUITestsLaunchTests.swift */; };
/* End PBXBuildFile section */

/* Begin PBXContainerItemProxy section */
		309C23482A52253300BA7B73 /* PBXContainerItemProxy */ = {
			isa = PBXContainerItemProxy;
			containerPortal = 309C232E2A52253100BA7B73 /* Project object */;
			proxyType = 1;
			remoteGlobalIDString = 309C23352A52253100BA7B73;
			remoteInfo = MetalHaven;
		};
		309C23522A52253300BA7B73 /* PBXContainerItemProxy */ = {
			isa = PBXContainerItemProxy;
			containerPortal = 309C232E2A52253100BA7B73 /* Project object */;
			proxyType = 1;
			remoteGlobalIDString = 309C23352A52253100BA7B73;
			remoteInfo = MetalHaven;
		};
/* End PBXContainerItemProxy section */

/* Begin PBXFileReference section */
		309C23362A52253100BA7B73 /* MetalHaven.app */ = {isa = PBXFileReference; explicitFileType = wrapper.application; includeInIndex = 0; path = MetalHaven.app; sourceTree = BUILT_PRODUCTS_DIR; };
		309C23392A52253100BA7B73 /* MetalHavenApp.swift */ = {isa = PBXFileReference; lastKnownFileType = sourcecode.swift; path = MetalHavenApp.swift; sourceTree = "<group>"; };
		309C233B2A52253100BA7B73 /* ContentView.swift */ = {isa = PBXFileReference; lastKnownFileType = sourcecode.swift; path = ContentView.swift; sourceTree = "<group>"; };
		309C233D2A52253200BA7B73 /* Assets.xcassets */ = {isa = PBXFileReference; lastKnownFileType = folder.assetcatalog; path = Assets.xcassets; sourceTree = "<group>"; };
		309C23402A52253200BA7B73 /* Preview Assets.xcassets */ = {isa = PBXFileReference; lastKnownFileType = folder.assetcatalog; path = "Preview Assets.xcassets"; sourceTree = "<group>"; };
		309C23422A52253200BA7B73 /* MetalHaven.entitlements */ = {isa = PBXFileReference; lastKnownFileType = text.plist.entitlements; path = MetalHaven.entitlements; sourceTree = "<group>"; };
		309C23472A52253300BA7B73 /* MetalHavenTests.xctest */ = {isa = PBXFileReference; explicitFileType = wrapper.cfbundle; includeInIndex = 0; path = MetalHavenTests.xctest; sourceTree = BUILT_PRODUCTS_DIR; };
		309C234B2A52253300BA7B73 /* MetalHavenTests.swift */ = {isa = PBXFileReference; lastKnownFileType = sourcecode.swift; path = MetalHavenTests.swift; sourceTree = "<group>"; };
		309C23512A52253300BA7B73 /* MetalHavenUITests.xctest */ = {isa = PBXFileReference; explicitFileType = wrapper.cfbundle; includeInIndex = 0; path = MetalHavenUITests.xctest; sourceTree = BUILT_PRODUCTS_DIR; };
		309C23552A52253300BA7B73 /* MetalHavenUITests.swift */ = {isa = PBXFileReference; lastKnownFileType = sourcecode.swift; path = MetalHavenUITests.swift; sourceTree = "<group>"; };
		309C23572A52253300BA7B73 /* MetalHavenUITestsLaunchTests.swift */ = {isa = PBXFileReference; lastKnownFileType = sourcecode.swift; path = MetalHavenUITestsLaunchTests.swift; sourceTree = "<group>"; };
/* End PBXFileReference section */

/* Begin PBXFrameworksBuildPhase section */
		309C23332A52253100BA7B73 /* Frameworks */ = {
			isa = PBXFrameworksBuildPhase;
			buildActionMask = 2147483647;
			files = (
			);
			runOnlyForDeploymentPostprocessing = 0;
		};
		309C23442A52253300BA7B73 /* Frameworks */ = {
			isa = PBXFrameworksBuildPhase;
			buildActionMask = 2147483647;
			files = (
			);
			runOnlyForDeploymentPostprocessing = 0;
		};
		309C234E2A52253300BA7B73 /* Frameworks */ = {
			isa = PBXFrameworksBuildPhase;
			buildActionMask = 2147483647;
			files = (
			);
			runOnlyForDeploymentPostprocessing = 0;
		};
/* End PBXFrameworksBuildPhase section */

/* Begin PBXGroup section */
		309C232D2A52253100BA7B73 = {
			isa = PBXGroup;
			children = (
				309C23382A52253100BA7B73 /* MetalHaven */,
				309C234A2A52253300BA7B73 /* MetalHavenTests */,
				309C23542A52253300BA7B73 /* MetalHavenUITests */,
				309C23372A52253100BA7B73 /* Products */,
			);
			sourceTree = "<group>";
		};
		309C23372A52253100BA7B73 /* Products */ = {
			isa = PBXGroup;
			children = (
				309C23362A52253100BA7B73 /* MetalHaven.app */,
				309C23472A52253300BA7B73 /* MetalHavenTests.xctest */,
				309C23512A52253300BA7B73 /* MetalHavenUITests.xctest */,
			);
			name = Products;
			sourceTree = "<group>";
		};
		309C23382A52253100BA7B73 /* MetalHaven */ = {
			isa = PBXGroup;
			children = (
				309C23392A52253100BA7B73 /* MetalHavenApp.swift */,
				309C233B2A52253100BA7B73 /* ContentView.swift */,
				309C233D2A52253200BA7B73 /* Assets.xcassets */,
				309C23422A52253200BA7B73 /* MetalHaven.entitlements */,
				309C233F2A52253200BA7B73 /* Preview Content */,
			);
			path = MetalHaven;
			sourceTree = "<group>";
		};
		309C233F2A52253200BA7B73 /* Preview Content */ = {
			isa = PBXGroup;
			children = (
				309C23402A52253200BA7B73 /* Preview Assets.xcassets */,
			);
			path = "Preview Content";
			sourceTree = "<group>";
		};
		309C234A2A52253300BA7B73 /* MetalHavenTests */ = {
			isa = PBXGroup;
			children = (
				309C234B2A52253300BA7B73 /* MetalHavenTests.swift */,
			);
			path = MetalHavenTests;
			sourceTree = "<group>";
		};
		309C23542A52253300BA7B73 /* MetalHavenUITests */ = {
			isa = PBXGroup;
			children = (
				309C23552A52253300BA7B73 /* MetalHavenUITests.swift */,
				309C23572A52253300BA7B73 /* MetalHavenUITestsLaunchTests.swift */,
			);
			path = MetalHavenUITests;
			sourceTree = "<group>";
		};
/* End PBXGroup section */

/* Begin PBXNativeTarget section */
		309C23352A52253100BA7B73 /* MetalHaven */ = {
			isa = PBXNativeTarget;
			buildConfigurationList = 309C235B2A52253300BA7B73 /* Build configuration list for PBXNativeTarget "MetalHaven" */;
			buildPhases = (
				309C23322A52253100BA7B73 /* Sources */,
				309C23332A52253100BA7B73 /* Frameworks */,
				309C23342A52253100BA7B73 /* Resources */,
			);
			buildRules = (
			);
			dependencies = (
			);
			name = MetalHaven;
			productName = MetalHaven;
			productReference = 309C23362A52253100BA7B73 /* MetalHaven.app */;
			productType = "com.apple.product-type.application";
		};
		309C23462A52253300BA7B73 /* MetalHavenTests */ = {
			isa = PBXNativeTarget;
			buildConfigurationList = 309C235E2A52253300BA7B73 /* Build configuration list for PBXNativeTarget "MetalHavenTests" */;
			buildPhases = (
				309C23432A52253300BA7B73 /* Sources */,
				309C23442A52253300BA7B73 /* Frameworks */,
				309C23452A52253300BA7B73 /* Resources */,
			);
			buildRules = (
			);
			dependencies = (
				309C23492A52253300BA7B73 /* PBXTargetDependency */,
			);
			name = MetalHavenTests;
			productName = MetalHavenTests;
			productReference = 309C23472A52253300BA7B73 /* MetalHavenTests.xctest */;
			productType = "com.apple.product-type.bundle.unit-test";
		};
		309C23502A52253300BA7B73 /* MetalHavenUITests */ = {
			isa = PBXNativeTarget;
			buildConfigurationList = 309C23612A52253300BA7B73 /* Build configuration list for PBXNativeTarget "MetalHavenUITests" */;
			buildPhases = (
				309C234D2A52253300BA7B73 /* Sources */,
				309C234E2A52253300BA7B73 /* Frameworks */,
				309C234F2A52253300BA7B73 /* Resources */,
			);
			buildRules = (
			);
			dependencies = (
				309C23532A52253300BA7B73 /* PBXTargetDependency */,
			);
			name = MetalHavenUITests;
			productName = MetalHavenUITests;
			productReference = 309C23512A52253300BA7B73 /* MetalHavenUITests.xctest */;
			productType = "com.apple.product-type.bundle.ui-testing";
		};
/* End PBXNativeTarget section */

/* Begin PBXProject section */
		309C232E2A52253100BA7B73 /* Project object */ = {
			isa = PBXProject;
			attributes = {
				BuildIndependentTargetsInParallel = 1;
				LastSwiftUpdateCheck = 1420;
				LastUpgradeCheck = 1420;
				TargetAttributes = {
					309C23352A52253100BA7B73 = {
						CreatedOnToolsVersion = 14.2;
					};
					309C23462A52253300BA7B73 = {
						CreatedOnToolsVersion = 14.2;
						TestTargetID = 309C23352A52253100BA7B73;
					};
					309C23502A52253300BA7B73 = {
						CreatedOnToolsVersion = 14.2;
						TestTargetID = 309C23352A52253100BA7B73;
					};
				};
			};
			buildConfigurationList = 309C23312A52253100BA7B73 /* Build configuration list for PBXProject "MetalHaven" */;
			compatibilityVersion = "Xcode 14.0";
			developmentRegion = en;
			hasScannedForEncodings = 0;
			knownRegions = (
				en,
				Base,
			);
			mainGroup = 309C232D2A52253100BA7B73;
			productRefGroup = 309C23372A52253100BA7B73 /* Products */;
			projectDirPath = "";
			projectRoot = "";
			targets = (
				309C23352A52253100BA7B73 /* MetalHaven */,
				309C23462A52253300BA7B73 /* MetalHavenTests */,
				309C23502A52253300BA7B73 /* MetalHavenUITests */,
			);
		};
/* End PBXProject section */

/* Begin PBXResourcesBuildPhase section */
		309C23342A52253100BA7B73 /* Resources */ = {
			isa = PBXResourcesBuildPhase;
			buildActionMask = 2147483647;
			files = (
				309C23412A52253200BA7B73 /* Preview Assets.xcassets in Resources */,
				309C233E2A52253200BA7B73 /* Assets.xcassets in Resources */,
			);
			runOnlyForDeploymentPostprocessing = 0;
		};
		309C23452A52253300BA7B73 /* Resources */ = {
			isa = PBXResourcesBuildPhase;
			buildActionMask = 2147483647;
			files = (
			);
			runOnlyForDeploymentPostprocessing = 0;
		};
		309C234F2A52253300BA7B73 /* Resources */ = {
			isa = PBXResourcesBuildPhase;
			buildActionMask = 2147483647;
			files = (
			);
			runOnlyForDeploymentPostprocessing = 0;
		};
/* End PBXResourcesBuildPhase section */

/* Begin PBXSourcesBuildPhase section */
		309C23322A52253100BA7B73 /* Sources */ = {
			isa = PBXSourcesBuildPhase;
			buildActionMask = 2147483647;
			files = (
				309C233C2A52253100BA7B73 /* ContentView.swift in Sources */,
				309C233A2A52253100BA7B73 /* MetalHavenApp.swift in Sources */,
			);
			runOnlyForDeploymentPostprocessing = 0;
		};
		309C23432A52253300BA7B73 /* Sources */ = {
			isa = PBXSourcesBuildPhase;
			buildActionMask = 2147483647;
			files = (
				309C234C2A52253300BA7B73 /* MetalHavenTests.swift in Sources */,
			);
			runOnlyForDeploymentPostprocessing = 0;
		};
		309C234D2A52253300BA7B73 /* Sources */ = {
			isa = PBXSourcesBuildPhase;
			buildActionMask = 2147483647;
			files = (
				309C23562A52253300BA7B73 /* MetalHavenUITests.swift in Sources */,
				309C23582A52253300BA7B73 /* MetalHavenUITestsLaunchTests.swift in Sources */,
			);
			runOnlyForDeploymentPostprocessing = 0;
		};
/* End PBXSourcesBuildPhase section */

/* Begin PBXTargetDependency section */
		309C23492A52253300BA7B73 /* PBXTargetDependency */ = {
			isa = PBXTargetDependency;
			target = 309C23352A52253100BA7B73 /* MetalHaven */;
			targetProxy = 309C23482A52253300BA7B73 /* PBXContainerItemProxy */;
		};
		309C23532A52253300BA7B73 /* PBXTargetDependency */ = {
			isa = PBXTargetDependency;
			target = 309C23352A52253100BA7B73 /* MetalHaven */;
			targetProxy = 309C23522A52253300BA7B73 /* PBXContainerItemProxy */;
		};
/* End PBXTargetDependency section */

/* Begin XCBuildConfiguration section */
		309C23592A52253300BA7B73 /* Debug */ = {
			isa = XCBuildConfiguration;
			buildSettings = {
				ALWAYS_SEARCH_USER_PATHS = NO;
				CLANG_ANALYZER_NONNULL = YES;
				CLANG_ANALYZER_NUMBER_OBJECT_CONVERSION = YES_AGGRESSIVE;
				CLANG_CXX_LANGUAGE_STANDARD = "gnu++20";
				CLANG_ENABLE_MODULES = YES;
				CLANG_ENABLE_OBJC_ARC = YES;
				CLANG_ENABLE_OBJC_WEAK = YES;
				CLANG_WARN_BLOCK_CAPTURE_AUTORELEASING = YES;
				CLANG_WARN_BOOL_CONVERSION = YES;
				CLANG_WARN_COMMA = YES;
				CLANG_WARN_CONSTANT_CONVERSION = YES;
				CLANG_WARN_DEPRECATED_OBJC_IMPLEMENTATIONS = YES;
				CLANG_WARN_DIRECT_OBJC_ISA_USAGE = YES_ERROR;
				CLANG_WARN_DOCUMENTATION_COMMENTS = YES;
				CLANG_WARN_EMPTY_BODY = YES;
				CLANG_WARN_ENUM_CONVERSION = YES;
				CLANG_WARN_INFINITE_RECURSION = YES;
				CLANG_WARN_INT_CONVERSION = YES;
				CLANG_WARN_NON_LITERAL_NULL_CONVERSION = YES;
				CLANG_WARN_OBJC_IMPLICIT_RETAIN_SELF = YES;
				CLANG_WARN_OBJC_LITERAL_CONVERSION = YES;
				CLANG_WARN_OBJC_ROOT_CLASS = YES_ERROR;
				CLANG_WARN_QUOTED_INCLUDE_IN_FRAMEWORK_HEADER = YES;
				CLANG_WARN_RANGE_LOOP_ANALYSIS = YES;
				CLANG_WARN_STRICT_PROTOTYPES = YES;
				CLANG_WARN_SUSPICIOUS_MOVE = YES;
				CLANG_WARN_UNGUARDED_AVAILABILITY = YES_AGGRESSIVE;
				CLANG_WARN_UNREACHABLE_CODE = YES;
				CLANG_WARN__DUPLICATE_METHOD_MATCH = YES;
				COPY_PHASE_STRIP = NO;
				DEBUG_INFORMATION_FORMAT = dwarf;
				ENABLE_STRICT_OBJC_MSGSEND = YES;
				ENABLE_TESTABILITY = YES;
				GCC_C_LANGUAGE_STANDARD = gnu11;
				GCC_DYNAMIC_NO_PIC = NO;
				GCC_NO_COMMON_BLOCKS = YES;
				GCC_OPTIMIZATION_LEVEL = 0;
				GCC_PREPROCESSOR_DEFINITIONS = (
					"DEBUG=1",
					"$(inherited)",
				);
				GCC_WARN_64_TO_32_BIT_CONVERSION = YES;
				GCC_WARN_ABOUT_RETURN_TYPE = YES_ERROR;
				GCC_WARN_UNDECLARED_SELECTOR = YES;
				GCC_WARN_UNINITIALIZED_AUTOS = YES_AGGRESSIVE;
				GCC_WARN_UNUSED_FUNCTION = YES;
				GCC_WARN_UNUSED_VARIABLE = YES;
				MACOSX_DEPLOYMENT_TARGET = 12.6;
				MTL_ENABLE_DEBUG_INFO = INCLUDE_SOURCE;
				MTL_FAST_MATH = YES;
				ONLY_ACTIVE_ARCH = YES;
				SDKROOT = macosx;
				SWIFT_ACTIVE_COMPILATION_CONDITIONS = DEBUG;
				SWIFT_OPTIMIZATION_LEVEL = "-Onone";
			};
			name = Debug;
		};
		309C235A2A52253300BA7B73 /* Release */ = {
			isa = XCBuildConfiguration;
			buildSettings = {
				ALWAYS_SEARCH_USER_PATHS = NO;
				CLANG_ANALYZER_NONNULL = YES;
				CLANG_ANALYZER_NUMBER_OBJECT_CONVERSION = YES_AGGRESSIVE;
				CLANG_CXX_LANGUAGE_STANDARD = "gnu++20";
				CLANG_ENABLE_MODULES = YES;
				CLANG_ENABLE_OBJC_ARC = YES;
				CLANG_ENABLE_OBJC_WEAK = YES;
				CLANG_WARN_BLOCK_CAPTURE_AUTORELEASING = YES;
				CLANG_WARN_BOOL_CONVERSION = YES;
				CLANG_WARN_COMMA = YES;
				CLANG_WARN_CONSTANT_CONVERSION = YES;
				CLANG_WARN_DEPRECATED_OBJC_IMPLEMENTATIONS = YES;
				CLANG_WARN_DIRECT_OBJC_ISA_USAGE = YES_ERROR;
				CLANG_WARN_DOCUMENTATION_COMMENTS = YES;
				CLANG_WARN_EMPTY_BODY = YES;
				CLANG_WARN_ENUM_CONVERSION = YES;
				CLANG_WARN_INFINITE_RECURSION = YES;
				CLANG_WARN_INT_CONVERSION = YES;
				CLANG_WARN_NON_LITERAL_NULL_CONVERSION = YES;
				CLANG_WARN_OBJC_IMPLICIT_RETAIN_SELF = YES;
				CLANG_WARN_OBJC_LITERAL_CONVERSION = YES;
				CLANG_WARN_OBJC_ROOT_CLASS = YES_ERROR;
				CLANG_WARN_QUOTED_INCLUDE_IN_FRAMEWORK_HEADER = YES;
				CLANG_WARN_RANGE_LOOP_ANALYSIS = YES;
				CLANG_WARN_STRICT_PROTOTYPES = YES;
				CLANG_WARN_SUSPICIOUS_MOVE = YES;
				CLANG_WARN_UNGUARDED_AVAILABILITY = YES_AGGRESSIVE;
				CLANG_WARN_UNREACHABLE_CODE = YES;
				CLANG_WARN__DUPLICATE_METHOD_MATCH = YES;
				COPY_PHASE_STRIP = NO;
				DEBUG_INFORMATION_FORMAT = "dwarf-with-dsym";
				ENABLE_NS_ASSERTIONS = NO;
				ENABLE_STRICT_OBJC_MSGSEND = YES;
				GCC_C_LANGUAGE_STANDARD = gnu11;
				GCC_NO_COMMON_BLOCKS = YES;
				GCC_WARN_64_TO_32_BIT_CONVERSION = YES;
				GCC_WARN_ABOUT_RETURN_TYPE = YES_ERROR;
				GCC_WARN_UNDECLARED_SELECTOR = YES;
				GCC_WARN_UNINITIALIZED_AUTOS = YES_AGGRESSIVE;
				GCC_WARN_UNUSED_FUNCTION = YES;
				GCC_WARN_UNUSED_VARIABLE = YES;
				MACOSX_DEPLOYMENT_TARGET = 12.6;
				MTL_ENABLE_DEBUG_INFO = NO;
				MTL_FAST_MATH = YES;
				SDKROOT = macosx;
				SWIFT_COMPILATION_MODE = wholemodule;
				SWIFT_OPTIMIZATION_LEVEL = "-O";
			};
			name = Release;
		};
		309C235C2A52253300BA7B73 /* Debug */ = {
			isa = XCBuildConfiguration;
			buildSettings = {
				ASSETCATALOG_COMPILER_APPICON_NAME = AppIcon;
				ASSETCATALOG_COMPILER_GLOBAL_ACCENT_COLOR_NAME = AccentColor;
				CODE_SIGN_ENTITLEMENTS = MetalHaven/MetalHaven.entitlements;
				CODE_SIGN_STYLE = Automatic;
				COMBINE_HIDPI_IMAGES = YES;
				CURRENT_PROJECT_VERSION = 1;
				DEVELOPMENT_ASSET_PATHS = "\"MetalHaven/Preview Content\"";
				DEVELOPMENT_TEAM = 597PF7552F;
				ENABLE_HARDENED_RUNTIME = YES;
				ENABLE_PREVIEWS = YES;
				GENERATE_INFOPLIST_FILE = YES;
				INFOPLIST_KEY_NSHumanReadableCopyright = "";
				LD_RUNPATH_SEARCH_PATHS = (
					"$(inherited)",
					"@executable_path/../Frameworks",
				);
				MARKETING_VERSION = 1.0;
				PRODUCT_BUNDLE_IDENTIFIER = kelkamonStudios.MetalHaven;
				PRODUCT_NAME = "$(TARGET_NAME)";
				SWIFT_EMIT_LOC_STRINGS = YES;
				SWIFT_VERSION = 5.0;
			};
			name = Debug;
		};
		309C235D2A52253300BA7B73 /* Release */ = {
			isa = XCBuildConfiguration;
			buildSettings = {
				ASSETCATALOG_COMPILER_APPICON_NAME = AppIcon;
				ASSETCATALOG_COMPILER_GLOBAL_ACCENT_COLOR_NAME = AccentColor;
				CODE_SIGN_ENTITLEMENTS = MetalHaven/MetalHaven.entitlements;
				CODE_SIGN_STYLE = Automatic;
				COMBINE_HIDPI_IMAGES = YES;
				CURRENT_PROJECT_VERSION = 1;
				DEVELOPMENT_ASSET_PATHS = "\"MetalHaven/Preview Content\"";
				DEVELOPMENT_TEAM = 597PF7552F;
				ENABLE_HARDENED_RUNTIME = YES;
				ENABLE_PREVIEWS = YES;
				GENERATE_INFOPLIST_FILE = YES;
				INFOPLIST_KEY_NSHumanReadableCopyright = "";
				LD_RUNPATH_SEARCH_PATHS = (
					"$(inherited)",
					"@executable_path/../Frameworks",
				);
				MARKETING_VERSION = 1.0;
				PRODUCT_BUNDLE_IDENTIFIER = kelkamonStudios.MetalHaven;
				PRODUCT_NAME = "$(TARGET_NAME)";
				SWIFT_EMIT_LOC_STRINGS = YES;
				SWIFT_VERSION = 5.0;
			};
			name = Release;
		};
		309C235F2A52253300BA7B73 /* Debug */ = {
			isa = XCBuildConfiguration;
			buildSettings = {
				ALWAYS_EMBED_SWIFT_STANDARD_LIBRARIES = YES;
				BUNDLE_LOADER = "$(TEST_HOST)";
				CODE_SIGN_STYLE = Automatic;
				CURRENT_PROJECT_VERSION = 1;
				DEVELOPMENT_TEAM = 597PF7552F;
				GENERATE_INFOPLIST_FILE = YES;
				MACOSX_DEPLOYMENT_TARGET = 12.6;
				MARKETING_VERSION = 1.0;
				PRODUCT_BUNDLE_IDENTIFIER = kelkamonStudios.MetalHavenTests;
				PRODUCT_NAME = "$(TARGET_NAME)";
				SWIFT_EMIT_LOC_STRINGS = NO;
				SWIFT_VERSION = 5.0;
				TEST_HOST = "$(BUILT_PRODUCTS_DIR)/MetalHaven.app/$(BUNDLE_EXECUTABLE_FOLDER_PATH)/MetalHaven";
			};
			name = Debug;
		};
		309C23602A52253300BA7B73 /* Release */ = {
			isa = XCBuildConfiguration;
			buildSettings = {
				ALWAYS_EMBED_SWIFT_STANDARD_LIBRARIES = YES;
				BUNDLE_LOADER = "$(TEST_HOST)";
				CODE_SIGN_STYLE = Automatic;
				CURRENT_PROJECT_VERSION = 1;
				DEVELOPMENT_TEAM = 597PF7552F;
				GENERATE_INFOPLIST_FILE = YES;
				MACOSX_DEPLOYMENT_TARGET = 12.6;
				MARKETING_VERSION = 1.0;
				PRODUCT_BUNDLE_IDENTIFIER = kelkamonStudios.MetalHavenTests;
				PRODUCT_NAME = "$(TARGET_NAME)";
				SWIFT_EMIT_LOC_STRINGS = NO;
				SWIFT_VERSION = 5.0;
				TEST_HOST = "$(BUILT_PRODUCTS_DIR)/MetalHaven.app/$(BUNDLE_EXECUTABLE_FOLDER_PATH)/MetalHaven";
			};
			name = Release;
		};
		309C23622A52253300BA7B73 /* Debug */ = {
			isa = XCBuildConfiguration;
			buildSettings = {
				ALWAYS_EMBED_SWIFT_STANDARD_LIBRARIES = YES;
				CODE_SIGN_STYLE = Automatic;
				CURRENT_PROJECT_VERSION = 1;
				DEVELOPMENT_TEAM = 597PF7552F;
				GENERATE_INFOPLIST_FILE = YES;
				MARKETING_VERSION = 1.0;
				PRODUCT_BUNDLE_IDENTIFIER = kelkamonStudios.MetalHavenUITests;
				PRODUCT_NAME = "$(TARGET_NAME)";
				SWIFT_EMIT_LOC_STRINGS = NO;
				SWIFT_VERSION = 5.0;
				TEST_TARGET_NAME = MetalHaven;
			};
			name = Debug;
		};
		309C23632A52253300BA7B73 /* Release */ = {
			isa = XCBuildConfiguration;
			buildSettings = {
				ALWAYS_EMBED_SWIFT_STANDARD_LIBRARIES = YES;
				CODE_SIGN_STYLE = Automatic;
				CURRENT_PROJECT_VERSION = 1;
				DEVELOPMENT_TEAM = 597PF7552F;
				GENERATE_INFOPLIST_FILE = YES;
				MARKETING_VERSION = 1.0;
				PRODUCT_BUNDLE_IDENTIFIER = kelkamonStudios.MetalHavenUITests;
				PRODUCT_NAME = "$(TARGET_NAME)";
				SWIFT_EMIT_LOC_STRINGS = NO;
				SWIFT_VERSION = 5.0;
				TEST_TARGET_NAME = MetalHaven;
			};
			name = Release;
		};
/* End XCBuildConfiguration section */

/* Begin XCConfigurationList section */
		309C23312A52253100BA7B73 /* Build configuration list for PBXProject "MetalHaven" */ = {
			isa = XCConfigurationList;
			buildConfigurations = (
				309C23592A52253300BA7B73 /* Debug */,
				309C235A2A52253300BA7B73 /* Release */,
			);
			defaultConfigurationIsVisible = 0;
			defaultConfigurationName = Release;
		};
		309C235B2A52253300BA7B73 /* Build configuration list for PBXNativeTarget "MetalHaven" */ = {
			isa = XCConfigurationList;
			buildConfigurations = (
				309C235C2A52253300BA7B73 /* Debug */,
				309C235D2A52253300BA7B73 /* Release */,
			);
			defaultConfigurationIsVisible = 0;
			defaultConfigurationName = Release;
		};
		309C235E2A52253300BA7B73 /* Build configuration list for PBXNativeTarget "MetalHavenTests" */ = {
			isa = XCConfigurationList;
			buildConfigurations = (
				309C235F2A52253300BA7B73 /* Debug */,
				309C23602A52253300BA7B73 /* Release */,
			);
			defaultConfigurationIsVisible = 0;
			defaultConfigurationName = Release;
		};
		309C23612A52253300BA7B73 /* Build configuration list for PBXNativeTarget "MetalHavenUITests" */ = {
			isa = XCConfigurationList;
			buildConfigurations = (
				309C23622A52253300BA7B73 /* Debug */,
				309C23632A52253300BA7B73 /* Release */,
			);
			defaultConfigurationIsVisible = 0;
			defaultConfigurationName = Release;
		};
/* End XCConfigurationList section */
	};
	rootObject = 309C232E2A52253100BA7B73 /* Project object */;
}
