{
  "pins" : [
    {
      "identity" : "exposables",
      "kind" : "remoteSourceControl",
      "location" : "https://github.com/Npikielny/Exposables.git",
      "state" : {
        "branch" : "main",
        "revision" : "512614ec66d9d0a80a8c8919337c6f07f030e617"
      }
    },
    {
      "identity" : "metalabstract",
      "kind" : "remoteSourceControl",
      "location" : "https://github.com/Npikielny/MetalAbstract.git",
      "state" : {
        "branch" : "main",
        "revision" : "ce45bd3588f97f055e014ba5f024b639d71b8169"
      }
    },
    {
      "identity" : "swift-syntax",
      "kind" : "remoteSourceControl",
      "location" : "https://github.com/apple/swift-syntax.git",
      "state" : {
        "revision" : "64889f0c732f210a935a0ad7cda38f77f876262d",
        "version" : "509.1.1"
      }
    }
  ],
  "version" : 2
}
